// !$*UTF8*$!
{
	archiveVersion = 1;
	classes = {
	};
	objectVersion = 46;
	objects = {

/* Begin PBXBuildFile section */
		1F17A2991D029BCF0061629F /* apitest.htm in Resources */ = {isa = PBXBuildFile; fileRef = 1F17A2961D029BCF0061629F /* apitest.htm */; };
		1F17A29A1D029BCF0061629F /* root.gif in Resources */ = {isa = PBXBuildFile; fileRef = 1F17A2971D029BCF0061629F /* root.gif */; };
		1F17A29B1D029BCF0061629F /* root.htm in Resources */ = {isa = PBXBuildFile; fileRef = 1F17A2981D029BCF0061629F /* root.htm */; };
		1F77B0F31CFEC73A004E1D72 /* Assets.xcassets in Resources */ = {isa = PBXBuildFile; fileRef = 1F77B0F21CFEC73A004E1D72 /* Assets.xcassets */; };
		1FB594A81CFD93860047F924 /* main.m in Sources */ = {isa = PBXBuildFile; fileRef = 1FB594A71CFD93860047F924 /* main.m */; };
		1FB594AB1CFD93860047F924 /* AppDelegate.m in Sources */ = {isa = PBXBuildFile; fileRef = 1FB594AA1CFD93860047F924 /* AppDelegate.m */; };
		1FB594B61CFD93860047F924 /* LaunchScreen.storyboard in Resources */ = {isa = PBXBuildFile; fileRef = 1FB594B41CFD93860047F924 /* LaunchScreen.storyboard */; };
		1FB594C11CFD93860047F924 /* Hybrid_coreTests.m in Sources */ = {isa = PBXBuildFile; fileRef = 1FB594C01CFD93860047F924 /* Hybrid_coreTests.m */; };
		1FB594CC1CFD93860047F924 /* Hybrid_coreUITests.m in Sources */ = {isa = PBXBuildFile; fileRef = 1FB594CB1CFD93860047F924 /* Hybrid_coreUITests.m */; };
		1FB594F61CFD95ED0047F924 /* WebViewJavascriptBridge.m in Sources */ = {isa = PBXBuildFile; fileRef = 1FB594F11CFD95ED0047F924 /* WebViewJavascriptBridge.m */; };
		1FB594F71CFD95ED0047F924 /* WebViewJavascriptBridge_JS.m in Sources */ = {isa = PBXBuildFile; fileRef = 1FB594F31CFD95ED0047F924 /* WebViewJavascriptBridge_JS.m */; };
		1FB594F81CFD95ED0047F924 /* WebViewJavascriptBridgeBase.m in Sources */ = {isa = PBXBuildFile; fileRef = 1FB594F51CFD95ED0047F924 /* WebViewJavascriptBridgeBase.m */; };
		1FB594FC1CFD96A10047F924 /* WebBaseViewController.m in Sources */ = {isa = PBXBuildFile; fileRef = 1FB594FB1CFD96A10047F924 /* WebBaseViewController.m */; };
		1FB594FF1CFD96BD0047F924 /* RootViewController.m in Sources */ = {isa = PBXBuildFile; fileRef = 1FB594FE1CFD96BD0047F924 /* RootViewController.m */; };
		1FB595021CFD96DA0047F924 /* PushViewController.m in Sources */ = {isa = PBXBuildFile; fileRef = 1FB595011CFD96DA0047F924 /* PushViewController.m */; };
/* End PBXBuildFile section */

/* Begin PBXContainerItemProxy section */
		1FB594BD1CFD93860047F924 /* PBXContainerItemProxy */ = {
			isa = PBXContainerItemProxy;
			containerPortal = 1FB5949B1CFD93860047F924 /* Project object */;
			proxyType = 1;
			remoteGlobalIDString = 1FB594A21CFD93860047F924;
			remoteInfo = "Hybrid-core";
		};
		1FB594C81CFD93860047F924 /* PBXContainerItemProxy */ = {
			isa = PBXContainerItemProxy;
			containerPortal = 1FB5949B1CFD93860047F924 /* Project object */;
			proxyType = 1;
			remoteGlobalIDString = 1FB594A21CFD93860047F924;
			remoteInfo = "Hybrid-core";
		};
/* End PBXContainerItemProxy section */

/* Begin PBXFileReference section */
		1F17A2961D029BCF0061629F /* apitest.htm */ = {isa = PBXFileReference; fileEncoding = 4; lastKnownFileType = text.html; path = apitest.htm; sourceTree = "<group>"; };
		1F17A2971D029BCF0061629F /* root.gif */ = {isa = PBXFileReference; lastKnownFileType = image.gif; path = root.gif; sourceTree = "<group>"; };
		1F17A2981D029BCF0061629F /* root.htm */ = {isa = PBXFileReference; fileEncoding = 4; lastKnownFileType = text.html; path = root.htm; sourceTree = "<group>"; };
		1F77B0EA1CFE7BDB004E1D72 /* Hybrid-core-Prefix.pch */ = {isa = PBXFileReference; lastKnownFileType = sourcecode.c.h; path = "Hybrid-core-Prefix.pch"; sourceTree = "<group>"; };
		1F77B0F21CFEC73A004E1D72 /* Assets.xcassets */ = {isa = PBXFileReference; lastKnownFileType = folder.assetcatalog; path = Assets.xcassets; sourceTree = "<group>"; };
		1FB594A31CFD93860047F924 /* Hybrid-core.app */ = {isa = PBXFileReference; explicitFileType = wrapper.application; includeInIndex = 0; path = "Hybrid-core.app"; sourceTree = BUILT_PRODUCTS_DIR; };
		1FB594A71CFD93860047F924 /* main.m */ = {isa = PBXFileReference; lastKnownFileType = sourcecode.c.objc; path = main.m; sourceTree = "<group>"; };
		1FB594A91CFD93860047F924 /* AppDelegate.h */ = {isa = PBXFileReference; lastKnownFileType = sourcecode.c.h; path = AppDelegate.h; sourceTree = "<group>"; };
		1FB594AA1CFD93860047F924 /* AppDelegate.m */ = {isa = PBXFileReference; lastKnownFileType = sourcecode.c.objc; path = AppDelegate.m; sourceTree = "<group>"; };
		1FB594B51CFD93860047F924 /* Base */ = {isa = PBXFileReference; lastKnownFileType = file.storyboard; name = Base; path = Base.lproj/LaunchScreen.storyboard; sourceTree = "<group>"; };
		1FB594B71CFD93860047F924 /* Info.plist */ = {isa = PBXFileReference; lastKnownFileType = text.plist.xml; path = Info.plist; sourceTree = "<group>"; };
		1FB594BC1CFD93860047F924 /* Hybrid-coreTests.xctest */ = {isa = PBXFileReference; explicitFileType = wrapper.cfbundle; includeInIndex = 0; path = "Hybrid-coreTests.xctest"; sourceTree = BUILT_PRODUCTS_DIR; };
		1FB594C01CFD93860047F924 /* Hybrid_coreTests.m */ = {isa = PBXFileReference; lastKnownFileType = sourcecode.c.objc; path = Hybrid_coreTests.m; sourceTree = "<group>"; };
		1FB594C21CFD93860047F924 /* Info.plist */ = {isa = PBXFileReference; lastKnownFileType = text.plist.xml; path = Info.plist; sourceTree = "<group>"; };
		1FB594C71CFD93860047F924 /* Hybrid-coreUITests.xctest */ = {isa = PBXFileReference; explicitFileType = wrapper.cfbundle; includeInIndex = 0; path = "Hybrid-coreUITests.xctest"; sourceTree = BUILT_PRODUCTS_DIR; };
		1FB594CB1CFD93860047F924 /* Hybrid_coreUITests.m */ = {isa = PBXFileReference; lastKnownFileType = sourcecode.c.objc; path = Hybrid_coreUITests.m; sourceTree = "<group>"; };
		1FB594CD1CFD93860047F924 /* Info.plist */ = {isa = PBXFileReference; lastKnownFileType = text.plist.xml; path = Info.plist; sourceTree = "<group>"; };
		1FB594F01CFD95ED0047F924 /* WebViewJavascriptBridge.h */ = {isa = PBXFileReference; fileEncoding = 4; lastKnownFileType = sourcecode.c.h; path = WebViewJavascriptBridge.h; sourceTree = "<group>"; };
		1FB594F11CFD95ED0047F924 /* WebViewJavascriptBridge.m */ = {isa = PBXFileReference; fileEncoding = 4; lastKnownFileType = sourcecode.c.objc; path = WebViewJavascriptBridge.m; sourceTree = "<group>"; };
		1FB594F21CFD95ED0047F924 /* WebViewJavascriptBridge_JS.h */ = {isa = PBXFileReference; fileEncoding = 4; lastKnownFileType = sourcecode.c.h; path = WebViewJavascriptBridge_JS.h; sourceTree = "<group>"; };
		1FB594F31CFD95ED0047F924 /* WebViewJavascriptBridge_JS.m */ = {isa = PBXFileReference; fileEncoding = 4; lastKnownFileType = sourcecode.c.objc; path = WebViewJavascriptBridge_JS.m; sourceTree = "<group>"; };
		1FB594F41CFD95ED0047F924 /* WebViewJavascriptBridgeBase.h */ = {isa = PBXFileReference; fileEncoding = 4; lastKnownFileType = sourcecode.c.h; path = WebViewJavascriptBridgeBase.h; sourceTree = "<group>"; };
		1FB594F51CFD95ED0047F924 /* WebViewJavascriptBridgeBase.m */ = {isa = PBXFileReference; fileEncoding = 4; lastKnownFileType = sourcecode.c.objc; path = WebViewJavascriptBridgeBase.m; sourceTree = "<group>"; };
		1FB594FA1CFD96A10047F924 /* WebBaseViewController.h */ = {isa = PBXFileReference; fileEncoding = 4; lastKnownFileType = sourcecode.c.h; path = WebBaseViewController.h; sourceTree = "<group>"; };
		1FB594FB1CFD96A10047F924 /* WebBaseViewController.m */ = {isa = PBXFileReference; fileEncoding = 4; lastKnownFileType = sourcecode.c.objc; path = WebBaseViewController.m; sourceTree = "<group>"; };
		1FB594FD1CFD96BC0047F924 /* RootViewController.h */ = {isa = PBXFileReference; fileEncoding = 4; lastKnownFileType = sourcecode.c.h; path = RootViewController.h; sourceTree = "<group>"; };
		1FB594FE1CFD96BD0047F924 /* RootViewController.m */ = {isa = PBXFileReference; fileEncoding = 4; lastKnownFileType = sourcecode.c.objc; path = RootViewController.m; sourceTree = "<group>"; };
		1FB595001CFD96DA0047F924 /* PushViewController.h */ = {isa = PBXFileReference; fileEncoding = 4; lastKnownFileType = sourcecode.c.h; path = PushViewController.h; sourceTree = "<group>"; };
		1FB595011CFD96DA0047F924 /* PushViewController.m */ = {isa = PBXFileReference; fileEncoding = 4; lastKnownFileType = sourcecode.c.objc; path = PushViewController.m; sourceTree = "<group>"; };
/* End PBXFileReference section */

/* Begin PBXFrameworksBuildPhase section */
		1FB594A01CFD93860047F924 /* Frameworks */ = {
			isa = PBXFrameworksBuildPhase;
			buildActionMask = 2147483647;
			files = (
			);
			runOnlyForDeploymentPostprocessing = 0;
		};
		1FB594B91CFD93860047F924 /* Frameworks */ = {
			isa = PBXFrameworksBuildPhase;
			buildActionMask = 2147483647;
			files = (
			);
			runOnlyForDeploymentPostprocessing = 0;
		};
		1FB594C41CFD93860047F924 /* Frameworks */ = {
			isa = PBXFrameworksBuildPhase;
			buildActionMask = 2147483647;
			files = (
			);
			runOnlyForDeploymentPostprocessing = 0;
		};
/* End PBXFrameworksBuildPhase section */

/* Begin PBXGroup section */
		1F17A2951D029BCF0061629F /* assets */ = {
			isa = PBXGroup;
			children = (
				1F17A2961D029BCF0061629F /* apitest.htm */,
				1F17A2971D029BCF0061629F /* root.gif */,
				1F17A2981D029BCF0061629F /* root.htm */,
			);
			path = assets;
			sourceTree = "<group>";
		};
		1FB5949A1CFD93860047F924 = {
			isa = PBXGroup;
			children = (
				1FB594A51CFD93860047F924 /* Hybrid-core */,
				1FB594BF1CFD93860047F924 /* Hybrid-coreTests */,
				1FB594CA1CFD93860047F924 /* Hybrid-coreUITests */,
				1FB594A41CFD93860047F924 /* Products */,
			);
			sourceTree = "<group>";
		};
		1FB594A41CFD93860047F924 /* Products */ = {
			isa = PBXGroup;
			children = (
				1FB594A31CFD93860047F924 /* Hybrid-core.app */,
				1FB594BC1CFD93860047F924 /* Hybrid-coreTests.xctest */,
				1FB594C71CFD93860047F924 /* Hybrid-coreUITests.xctest */,
			);
			name = Products;
			sourceTree = "<group>";
		};
		1FB594A51CFD93860047F924 /* Hybrid-core */ = {
			isa = PBXGroup;
			children = (
				1F17A2951D029BCF0061629F /* assets */,
				1FB594EF1CFD95ED0047F924 /* JavascriptBridge */,
				1FB594F91CFD96A10047F924 /* BaseViewController */,
				1FB594A91CFD93860047F924 /* AppDelegate.h */,
				1FB594AA1CFD93860047F924 /* AppDelegate.m */,
				1FB594FD1CFD96BC0047F924 /* RootViewController.h */,
				1FB594FE1CFD96BD0047F924 /* RootViewController.m */,
				1FB595001CFD96DA0047F924 /* PushViewController.h */,
				1FB595011CFD96DA0047F924 /* PushViewController.m */,
				1FB594A61CFD93860047F924 /* Supporting Files */,
			);
			path = "Hybrid-core";
			sourceTree = "<group>";
		};
		1FB594A61CFD93860047F924 /* Supporting Files */ = {
			isa = PBXGroup;
			children = (
				1F77B0F21CFEC73A004E1D72 /* Assets.xcassets */,
				1FB594B41CFD93860047F924 /* LaunchScreen.storyboard */,
				1FB594B71CFD93860047F924 /* Info.plist */,
				1FB594A71CFD93860047F924 /* main.m */,
				1F77B0EA1CFE7BDB004E1D72 /* Hybrid-core-Prefix.pch */,
			);
			name = "Supporting Files";
			sourceTree = "<group>";
		};
		1FB594BF1CFD93860047F924 /* Hybrid-coreTests */ = {
			isa = PBXGroup;
			children = (
				1FB594C01CFD93860047F924 /* Hybrid_coreTests.m */,
				1FB594C21CFD93860047F924 /* Info.plist */,
			);
			path = "Hybrid-coreTests";
			sourceTree = "<group>";
		};
		1FB594CA1CFD93860047F924 /* Hybrid-coreUITests */ = {
			isa = PBXGroup;
			children = (
				1FB594CB1CFD93860047F924 /* Hybrid_coreUITests.m */,
				1FB594CD1CFD93860047F924 /* Info.plist */,
			);
			path = "Hybrid-coreUITests";
			sourceTree = "<group>";
		};
		1FB594EF1CFD95ED0047F924 /* JavascriptBridge */ = {
			isa = PBXGroup;
			children = (
				1FB594F01CFD95ED0047F924 /* WebViewJavascriptBridge.h */,
				1FB594F11CFD95ED0047F924 /* WebViewJavascriptBridge.m */,
				1FB594F21CFD95ED0047F924 /* WebViewJavascriptBridge_JS.h */,
				1FB594F31CFD95ED0047F924 /* WebViewJavascriptBridge_JS.m */,
				1FB594F41CFD95ED0047F924 /* WebViewJavascriptBridgeBase.h */,
				1FB594F51CFD95ED0047F924 /* WebViewJavascriptBridgeBase.m */,
			);
			path = JavascriptBridge;
			sourceTree = "<group>";
		};
		1FB594F91CFD96A10047F924 /* BaseViewController */ = {
			isa = PBXGroup;
			children = (
				1FB594FA1CFD96A10047F924 /* WebBaseViewController.h */,
				1FB594FB1CFD96A10047F924 /* WebBaseViewController.m */,
			);
			path = BaseViewController;
			sourceTree = "<group>";
		};
/* End PBXGroup section */

/* Begin PBXNativeTarget section */
		1FB594A21CFD93860047F924 /* Hybrid-core */ = {
			isa = PBXNativeTarget;
			buildConfigurationList = 1FB594D01CFD93860047F924 /* Build configuration list for PBXNativeTarget "Hybrid-core" */;
			buildPhases = (
				1FB5949F1CFD93860047F924 /* Sources */,
				1FB594A01CFD93860047F924 /* Frameworks */,
				1FB594A11CFD93860047F924 /* Resources */,
			);
			buildRules = (
			);
			dependencies = (
			);
			name = "Hybrid-core";
			productName = "Hybrid-core";
			productReference = 1FB594A31CFD93860047F924 /* Hybrid-core.app */;
			productType = "com.apple.product-type.application";
		};
		1FB594BB1CFD93860047F924 /* Hybrid-coreTests */ = {
			isa = PBXNativeTarget;
			buildConfigurationList = 1FB594D31CFD93860047F924 /* Build configuration list for PBXNativeTarget "Hybrid-coreTests" */;
			buildPhases = (
				1FB594B81CFD93860047F924 /* Sources */,
				1FB594B91CFD93860047F924 /* Frameworks */,
				1FB594BA1CFD93860047F924 /* Resources */,
			);
			buildRules = (
			);
			dependencies = (
				1FB594BE1CFD93860047F924 /* PBXTargetDependency */,
			);
			name = "Hybrid-coreTests";
			productName = "Hybrid-coreTests";
			productReference = 1FB594BC1CFD93860047F924 /* Hybrid-coreTests.xctest */;
			productType = "com.apple.product-type.bundle.unit-test";
		};
		1FB594C61CFD93860047F924 /* Hybrid-coreUITests */ = {
			isa = PBXNativeTarget;
			buildConfigurationList = 1FB594D61CFD93860047F924 /* Build configuration list for PBXNativeTarget "Hybrid-coreUITests" */;
			buildPhases = (
				1FB594C31CFD93860047F924 /* Sources */,
				1FB594C41CFD93860047F924 /* Frameworks */,
				1FB594C51CFD93860047F924 /* Resources */,
			);
			buildRules = (
			);
			dependencies = (
				1FB594C91CFD93860047F924 /* PBXTargetDependency */,
			);
			name = "Hybrid-coreUITests";
			productName = "Hybrid-coreUITests";
			productReference = 1FB594C71CFD93860047F924 /* Hybrid-coreUITests.xctest */;
			productType = "com.apple.product-type.bundle.ui-testing";
		};
/* End PBXNativeTarget section */

/* Begin PBXProject section */
		1FB5949B1CFD93860047F924 /* Project object */ = {
			isa = PBXProject;
			attributes = {
				LastUpgradeCheck = 0730;
				ORGANIZATIONNAME = Cmptech;
				TargetAttributes = {
					1FB594A21CFD93860047F924 = {
						CreatedOnToolsVersion = 7.3;
						DevelopmentTeam = 9966L897A3;
					};
					1FB594BB1CFD93860047F924 = {
						CreatedOnToolsVersion = 7.3;
						TestTargetID = 1FB594A21CFD93860047F924;
					};
					1FB594C61CFD93860047F924 = {
						CreatedOnToolsVersion = 7.3;
						TestTargetID = 1FB594A21CFD93860047F924;
					};
				};
			};
			buildConfigurationList = 1FB5949E1CFD93860047F924 /* Build configuration list for PBXProject "Hybrid-core" */;
			compatibilityVersion = "Xcode 3.2";
			developmentRegion = English;
			hasScannedForEncodings = 0;
			knownRegions = (
				en,
				Base,
			);
			mainGroup = 1FB5949A1CFD93860047F924;
			productRefGroup = 1FB594A41CFD93860047F924 /* Products */;
			projectDirPath = "";
			projectRoot = "";
			targets = (
				1FB594A21CFD93860047F924 /* Hybrid-core */,
				1FB594BB1CFD93860047F924 /* Hybrid-coreTests */,
				1FB594C61CFD93860047F924 /* Hybrid-coreUITests */,
			);
		};
/* End PBXProject section */

/* Begin PBXResourcesBuildPhase section */
		1FB594A11CFD93860047F924 /* Resources */ = {
			isa = PBXResourcesBuildPhase;
			buildActionMask = 2147483647;
			files = (
				1F17A29A1D029BCF0061629F /* root.gif in Resources */,
				1F17A2991D029BCF0061629F /* apitest.htm in Resources */,
				1FB594B61CFD93860047F924 /* LaunchScreen.storyboard in Resources */,
				1F17A29B1D029BCF0061629F /* root.htm in Resources */,
				1F77B0F31CFEC73A004E1D72 /* Assets.xcassets in Resources */,
			);
			runOnlyForDeploymentPostprocessing = 0;
		};
		1FB594BA1CFD93860047F924 /* Resources */ = {
			isa = PBXResourcesBuildPhase;
			buildActionMask = 2147483647;
			files = (
			);
			runOnlyForDeploymentPostprocessing = 0;
		};
		1FB594C51CFD93860047F924 /* Resources */ = {
			isa = PBXResourcesBuildPhase;
			buildActionMask = 2147483647;
			files = (
			);
			runOnlyForDeploymentPostprocessing = 0;
		};
/* End PBXResourcesBuildPhase section */

/* Begin PBXSourcesBuildPhase section */
		1FB5949F1CFD93860047F924 /* Sources */ = {
			isa = PBXSourcesBuildPhase;
			buildActionMask = 2147483647;
			files = (
				1FB594AB1CFD93860047F924 /* AppDelegate.m in Sources */,
				1FB594FF1CFD96BD0047F924 /* RootViewController.m in Sources */,
				1FB594F61CFD95ED0047F924 /* WebViewJavascriptBridge.m in Sources */,
				1FB594FC1CFD96A10047F924 /* WebBaseViewController.m in Sources */,
				1FB594A81CFD93860047F924 /* main.m in Sources */,
				1FB594F81CFD95ED0047F924 /* WebViewJavascriptBridgeBase.m in Sources */,
				1FB595021CFD96DA0047F924 /* PushViewController.m in Sources */,
				1FB594F71CFD95ED0047F924 /* WebViewJavascriptBridge_JS.m in Sources */,
			);
			runOnlyForDeploymentPostprocessing = 0;
		};
		1FB594B81CFD93860047F924 /* Sources */ = {
			isa = PBXSourcesBuildPhase;
			buildActionMask = 2147483647;
			files = (
				1FB594C11CFD93860047F924 /* Hybrid_coreTests.m in Sources */,
			);
			runOnlyForDeploymentPostprocessing = 0;
		};
		1FB594C31CFD93860047F924 /* Sources */ = {
			isa = PBXSourcesBuildPhase;
			buildActionMask = 2147483647;
			files = (
				1FB594CC1CFD93860047F924 /* Hybrid_coreUITests.m in Sources */,
			);
			runOnlyForDeploymentPostprocessing = 0;
		};
/* End PBXSourcesBuildPhase section */

/* Begin PBXTargetDependency section */
		1FB594BE1CFD93860047F924 /* PBXTargetDependency */ = {
			isa = PBXTargetDependency;
			target = 1FB594A21CFD93860047F924 /* Hybrid-core */;
			targetProxy = 1FB594BD1CFD93860047F924 /* PBXContainerItemProxy */;
		};
		1FB594C91CFD93860047F924 /* PBXTargetDependency */ = {
			isa = PBXTargetDependency;
			target = 1FB594A21CFD93860047F924 /* Hybrid-core */;
			targetProxy = 1FB594C81CFD93860047F924 /* PBXContainerItemProxy */;
		};
/* End PBXTargetDependency section */

/* Begin PBXVariantGroup section */
		1FB594B41CFD93860047F924 /* LaunchScreen.storyboard */ = {
			isa = PBXVariantGroup;
			children = (
				1FB594B51CFD93860047F924 /* Base */,
			);
			name = LaunchScreen.storyboard;
			sourceTree = "<group>";
		};
/* End PBXVariantGroup section */

/* Begin XCBuildConfiguration section */
		1FB594CE1CFD93860047F924 /* Debug */ = {
			isa = XCBuildConfiguration;
			buildSettings = {
				ALWAYS_SEARCH_USER_PATHS = NO;
				CLANG_ANALYZER_NONNULL = YES;
				CLANG_CXX_LANGUAGE_STANDARD = "gnu++0x";
				CLANG_CXX_LIBRARY = "libc++";
				CLANG_ENABLE_MODULES = YES;
				CLANG_ENABLE_OBJC_ARC = YES;
				CLANG_WARN_BOOL_CONVERSION = YES;
				CLANG_WARN_CONSTANT_CONVERSION = YES;
				CLANG_WARN_DIRECT_OBJC_ISA_USAGE = YES_ERROR;
				CLANG_WARN_EMPTY_BODY = YES;
				CLANG_WARN_ENUM_CONVERSION = YES;
				CLANG_WARN_INT_CONVERSION = YES;
				CLANG_WARN_OBJC_ROOT_CLASS = YES_ERROR;
				CLANG_WARN_UNREACHABLE_CODE = YES;
				CLANG_WARN__DUPLICATE_METHOD_MATCH = YES;
				"CODE_SIGN_IDENTITY[sdk=iphoneos*]" = "iPhone Developer";
				COPY_PHASE_STRIP = NO;
				DEBUG_INFORMATION_FORMAT = dwarf;
				ENABLE_STRICT_OBJC_MSGSEND = YES;
				ENABLE_TESTABILITY = YES;
				GCC_C_LANGUAGE_STANDARD = gnu99;
				GCC_DYNAMIC_NO_PIC = NO;
				GCC_NO_COMMON_BLOCKS = YES;
				GCC_OPTIMIZATION_LEVEL = 0;
				GCC_PREPROCESSOR_DEFINITIONS = (
					"DEBUG=1",
					"$(inherited)",
				);
				GCC_WARN_64_TO_32_BIT_CONVERSION = YES;
				GCC_WARN_ABOUT_RETURN_TYPE = YES_ERROR;
				GCC_WARN_UNDECLARED_SELECTOR = YES;
				GCC_WARN_UNINITIALIZED_AUTOS = YES_AGGRESSIVE;
				GCC_WARN_UNUSED_FUNCTION = YES;
				GCC_WARN_UNUSED_VARIABLE = YES;
				IPHONEOS_DEPLOYMENT_TARGET = 9.3;
				MTL_ENABLE_DEBUG_INFO = YES;
				ONLY_ACTIVE_ARCH = YES;
				SDKROOT = iphoneos;
				TARGETED_DEVICE_FAMILY = "1,2";
			};
			name = Debug;
		};
		1FB594CF1CFD93860047F924 /* Release */ = {
			isa = XCBuildConfiguration;
			buildSettings = {
				ALWAYS_SEARCH_USER_PATHS = NO;
				CLANG_ANALYZER_NONNULL = YES;
				CLANG_CXX_LANGUAGE_STANDARD = "gnu++0x";
				CLANG_CXX_LIBRARY = "libc++";
				CLANG_ENABLE_MODULES = YES;
				CLANG_ENABLE_OBJC_ARC = YES;
				CLANG_WARN_BOOL_CONVERSION = YES;
				CLANG_WARN_CONSTANT_CONVERSION = YES;
				CLANG_WARN_DIRECT_OBJC_ISA_USAGE = YES_ERROR;
				CLANG_WARN_EMPTY_BODY = YES;
				CLANG_WARN_ENUM_CONVERSION = YES;
				CLANG_WARN_INT_CONVERSION = YES;
				CLANG_WARN_OBJC_ROOT_CLASS = YES_ERROR;
				CLANG_WARN_UNREACHABLE_CODE = YES;
				CLANG_WARN__DUPLICATE_METHOD_MATCH = YES;
				"CODE_SIGN_IDENTITY[sdk=iphoneos*]" = "iPhone Developer";
				COPY_PHASE_STRIP = NO;
				DEBUG_INFORMATION_FORMAT = "dwarf-with-dsym";
				ENABLE_NS_ASSERTIONS = NO;
				ENABLE_STRICT_OBJC_MSGSEND = YES;
				GCC_C_LANGUAGE_STANDARD = gnu99;
				GCC_NO_COMMON_BLOCKS = YES;
				GCC_WARN_64_TO_32_BIT_CONVERSION = YES;
				GCC_WARN_ABOUT_RETURN_TYPE = YES_ERROR;
				GCC_WARN_UNDECLARED_SELECTOR = YES;
				GCC_WARN_UNINITIALIZED_AUTOS = YES_AGGRESSIVE;
				GCC_WARN_UNUSED_FUNCTION = YES;
				GCC_WARN_UNUSED_VARIABLE = YES;
				IPHONEOS_DEPLOYMENT_TARGET = 9.3;
				MTL_ENABLE_DEBUG_INFO = NO;
				SDKROOT = iphoneos;
				TARGETED_DEVICE_FAMILY = "1,2";
				VALIDATE_PRODUCT = YES;
			};
			name = Release;
		};
		1FB594D11CFD93860047F924 /* Debug */ = {
			isa = XCBuildConfiguration;
			buildSettings = {
				ASSETCATALOG_COMPILER_APPICON_NAME = AppIcon;
				ASSETCATALOG_COMPILER_LAUNCHIMAGE_NAME = LaunchImage;
				CODE_SIGN_IDENTITY = "iPhone Developer";
				"CODE_SIGN_IDENTITY[sdk=iphoneos*]" = "iPhone Developer";
				GCC_PRECOMPILE_PREFIX_HEADER = NO;
				GCC_PREFIX_HEADER = "$(SRCROOT)/Hybrid-core/Hybrid-core-Prefix.pch";
				INFOPLIST_FILE = "Hybrid-core/Info.plist";
				IPHONEOS_DEPLOYMENT_TARGET = 7.0;
				LD_RUNPATH_SEARCH_PATHS = "$(inherited) @executable_path/Frameworks";
				PRODUCT_BUNDLE_IDENTIFIER = info.cmptech.Hybrid;
				PRODUCT_NAME = "$(TARGET_NAME)";
				PROVISIONING_PROFILE = "";
			};
			name = Debug;
		};
		1FB594D21CFD93860047F924 /* Release */ = {
			isa = XCBuildConfiguration;
			buildSettings = {
				ASSETCATALOG_COMPILER_APPICON_NAME = AppIcon;
				ASSETCATALOG_COMPILER_LAUNCHIMAGE_NAME = LaunchImage;
				CODE_SIGN_IDENTITY = "iPhone Developer";
				"CODE_SIGN_IDENTITY[sdk=iphoneos*]" = "iPhone Developer";
				GCC_PRECOMPILE_PREFIX_HEADER = NO;
				GCC_PREFIX_HEADER = "$(SRCROOT)/Hybrid-core/Hybrid-core-Prefix.pch";
				INFOPLIST_FILE = "Hybrid-core/Info.plist";
				IPHONEOS_DEPLOYMENT_TARGET = 7.0;
				LD_RUNPATH_SEARCH_PATHS = "$(inherited) @executable_path/Frameworks";
				PRODUCT_BUNDLE_IDENTIFIER = info.cmptech.Hybrid;
				PRODUCT_NAME = "$(TARGET_NAME)";
				PROVISIONING_PROFILE = "";
			};
			name = Release;
		};
		1FB594D41CFD93860047F924 /* Debug */ = {
			isa = XCBuildConfiguration;
			buildSettings = {
				BUNDLE_LOADER = "$(TEST_HOST)";
				INFOPLIST_FILE = "Hybrid-coreTests/Info.plist";
				LD_RUNPATH_SEARCH_PATHS = "$(inherited) @executable_path/Frameworks @loader_path/Frameworks";
				PRODUCT_BUNDLE_IDENTIFIER = "info.cmptech.Hybrid-coreTests";
				PRODUCT_NAME = "$(TARGET_NAME)";
				TEST_HOST = "$(BUILT_PRODUCTS_DIR)/Hybrid-core.app/Hybrid-core";
			};
			name = Debug;
		};
		1FB594D51CFD93860047F924 /* Release */ = {
			isa = XCBuildConfiguration;
			buildSettings = {
				BUNDLE_LOADER = "$(TEST_HOST)";
				INFOPLIST_FILE = "Hybrid-coreTests/Info.plist";
				LD_RUNPATH_SEARCH_PATHS = "$(inherited) @executable_path/Frameworks @loader_path/Frameworks";
				PRODUCT_BUNDLE_IDENTIFIER = "info.cmptech.Hybrid-coreTests";
				PRODUCT_NAME = "$(TARGET_NAME)";
				TEST_HOST = "$(BUILT_PRODUCTS_DIR)/Hybrid-core.app/Hybrid-core";
			};
			name = Release;
		};
		1FB594D71CFD93860047F924 /* Debug */ = {
			isa = XCBuildConfiguration;
			buildSettings = {
				INFOPLIST_FILE = "Hybrid-coreUITests/Info.plist";
				LD_RUNPATH_SEARCH_PATHS = "$(inherited) @executable_path/Frameworks @loader_path/Frameworks";
				PRODUCT_BUNDLE_IDENTIFIER = "info.cmptech.Hybrid-coreUITests";
				PRODUCT_NAME = "$(TARGET_NAME)";
				TEST_TARGET_NAME = "Hybrid-core";
			};
			name = Debug;
		};
		1FB594D81CFD93860047F924 /* Release */ = {
			isa = XCBuildConfiguration;
			buildSettings = {
				INFOPLIST_FILE = "Hybrid-coreUITests/Info.plist";
				LD_RUNPATH_SEARCH_PATHS = "$(inherited) @executable_path/Frameworks @loader_path/Frameworks";
				PRODUCT_BUNDLE_IDENTIFIER = "info.cmptech.Hybrid-coreUITests";
				PRODUCT_NAME = "$(TARGET_NAME)";
				TEST_TARGET_NAME = "Hybrid-core";
			};
			name = Release;
		};
/* End XCBuildConfiguration section */

/* Begin XCConfigurationList section */
		1FB5949E1CFD93860047F924 /* Build configuration list for PBXProject "Hybrid-core" */ = {
			isa = XCConfigurationList;
			buildConfigurations = (
				1FB594CE1CFD93860047F924 /* Debug */,
				1FB594CF1CFD93860047F924 /* Release */,
			);
			defaultConfigurationIsVisible = 0;
			defaultConfigurationName = Release;
		};
		1FB594D01CFD93860047F924 /* Build configuration list for PBXNativeTarget "Hybrid-core" */ = {
			isa = XCConfigurationList;
			buildConfigurations = (
				1FB594D11CFD93860047F924 /* Debug */,
				1FB594D21CFD93860047F924 /* Release */,
			);
			defaultConfigurationIsVisible = 0;
			defaultConfigurationName = Release;
		};
		1FB594D31CFD93860047F924 /* Build configuration list for PBXNativeTarget "Hybrid-coreTests" */ = {
			isa = XCConfigurationList;
			buildConfigurations = (
				1FB594D41CFD93860047F924 /* Debug */,
				1FB594D51CFD93860047F924 /* Release */,
			);
			defaultConfigurationIsVisible = 0;
			defaultConfigurationName = Release;
		};
		1FB594D61CFD93860047F924 /* Build configuration list for PBXNativeTarget "Hybrid-coreUITests" */ = {
			isa = XCConfigurationList;
			buildConfigurations = (
				1FB594D71CFD93860047F924 /* Debug */,
				1FB594D81CFD93860047F924 /* Release */,
			);
			defaultConfigurationIsVisible = 0;
			defaultConfigurationName = Release;
		};
/* End XCConfigurationList section */
	};
	rootObject = 1FB5949B1CFD93860047F924 /* Project object */;
}
