// !$*UTF8*$!
{
	archiveVersion = 1;
	classes = {
	};
	objectVersion = 46;
	objects = {

/* Begin PBXBuildFile section */
		1F4C40C21D0531B800DA7D70 /* HybridUi.m in Sources */ = {isa = PBXBuildFile; fileRef = 1F4C40C11D0531B800DA7D70 /* HybridUi.m */; };
		3F4179C71D0515A600B934C5 /* main.m in Sources */ = {isa = PBXBuildFile; fileRef = 3F4179C61D0515A600B934C5 /* main.m */; };
		3F4179CA1D0515A600B934C5 /* AppDelegate.m in Sources */ = {isa = PBXBuildFile; fileRef = 3F4179C91D0515A600B934C5 /* AppDelegate.m */; };
		3F4179CD1D0515A600B934C5 /* ViewController.m in Sources */ = {isa = PBXBuildFile; fileRef = 3F4179CC1D0515A600B934C5 /* ViewController.m */; };
		3F4179D21D0515A600B934C5 /* Images.xcassets in Resources */ = {isa = PBXBuildFile; fileRef = 3F4179D11D0515A600B934C5 /* Images.xcassets */; };
		3F4179D51D0515A600B934C5 /* LaunchScreen.xib in Resources */ = {isa = PBXBuildFile; fileRef = 3F4179D31D0515A600B934C5 /* LaunchScreen.xib */; };
		3F4179E11D0515A600B934C5 /* testproj_ios_coreTests.m in Sources */ = {isa = PBXBuildFile; fileRef = 3F4179E01D0515A600B934C5 /* testproj_ios_coreTests.m */; };
		3F417A0C1D05174500B934C5 /* ApiActivityClose.m in Sources */ = {isa = PBXBuildFile; fileRef = 3F4179F81D05174500B934C5 /* ApiActivityClose.m */; };
		3F417A0D1D05174500B934C5 /* ApiActivityOpen.m in Sources */ = {isa = PBXBuildFile; fileRef = 3F4179FB1D05174500B934C5 /* ApiActivityOpen.m */; };
		3F417A0E1D05174500B934C5 /* HybridApi.m in Sources */ = {isa = PBXBuildFile; fileRef = 3F4179FE1D05174500B934C5 /* HybridApi.m */; };
		3F417A0F1D05174500B934C5 /* HybridService.m in Sources */ = {isa = PBXBuildFile; fileRef = 3F417A011D05174500B934C5 /* HybridService.m */; };
		3F417A111D05174500B934C5 /* WebViewJavascriptBridge.m in Sources */ = {isa = PBXBuildFile; fileRef = 3F417A071D05174500B934C5 /* WebViewJavascriptBridge.m */; };
		3F417A121D05174500B934C5 /* WebViewJavascriptBridge_JS.m in Sources */ = {isa = PBXBuildFile; fileRef = 3F417A091D05174500B934C5 /* WebViewJavascriptBridge_JS.m */; };
		3F417A131D05174500B934C5 /* WebViewJavascriptBridgeBase.m in Sources */ = {isa = PBXBuildFile; fileRef = 3F417A0B1D05174500B934C5 /* WebViewJavascriptBridgeBase.m */; };
		3F417A161D05176000B934C5 /* HybridConf.m in Sources */ = {isa = PBXBuildFile; fileRef = 3F417A151D05176000B934C5 /* HybridConf.m */; };
		3F417A1C1D0517AE00B934C5 /* UiOpen.m in Sources */ = {isa = PBXBuildFile; fileRef = 3F417A191D0517AE00B934C5 /* UiOpen.m */; };
		3F417A1D1D0517AE00B934C5 /* UiRoot.m in Sources */ = {isa = PBXBuildFile; fileRef = 3F417A1B1D0517AE00B934C5 /* UiRoot.m */; };
		3F417A241D0517F500B934C5 /* apitest.htm in Resources */ = {isa = PBXBuildFile; fileRef = 3F417A1F1D0517F500B934C5 /* apitest.htm */; };
		3F417A251D0517F500B934C5 /* btn_nav bar_left arrow@2x.png in Resources */ = {isa = PBXBuildFile; fileRef = 3F417A201D0517F500B934C5 /* btn_nav bar_left arrow@2x.png */; };
		3F417A261D0517F500B934C5 /* btn_nav bar_left arrow@3x.png in Resources */ = {isa = PBXBuildFile; fileRef = 3F417A211D0517F500B934C5 /* btn_nav bar_left arrow@3x.png */; };
		3F417A271D0517F500B934C5 /* root.gif in Resources */ = {isa = PBXBuildFile; fileRef = 3F417A221D0517F500B934C5 /* root.gif */; };
		3F417A281D0517F500B934C5 /* root.htm in Resources */ = {isa = PBXBuildFile; fileRef = 3F417A231D0517F500B934C5 /* root.htm */; };
/* End PBXBuildFile section */

/* Begin PBXContainerItemProxy section */
		3F4179DB1D0515A600B934C5 /* PBXContainerItemProxy */ = {
			isa = PBXContainerItemProxy;
			containerPortal = 3F4179B91D0515A600B934C5 /* Project object */;
			proxyType = 1;
			remoteGlobalIDString = 3F4179C01D0515A600B934C5;
			remoteInfo = "testproj-ios-core";
		};
/* End PBXContainerItemProxy section */

/* Begin PBXFileReference section */
		1F4C40C01D0531B800DA7D70 /* HybridUi.h */ = {isa = PBXFileReference; fileEncoding = 4; lastKnownFileType = sourcecode.c.h; path = HybridUi.h; sourceTree = "<group>"; };
		1F4C40C11D0531B800DA7D70 /* HybridUi.m */ = {isa = PBXFileReference; fileEncoding = 4; lastKnownFileType = sourcecode.c.objc; path = HybridUi.m; sourceTree = "<group>"; };
		3F4179C11D0515A600B934C5 /* testproj-ios-core.app */ = {isa = PBXFileReference; explicitFileType = wrapper.application; includeInIndex = 0; path = "testproj-ios-core.app"; sourceTree = BUILT_PRODUCTS_DIR; };
		3F4179C51D0515A600B934C5 /* Info.plist */ = {isa = PBXFileReference; lastKnownFileType = text.plist.xml; path = Info.plist; sourceTree = "<group>"; };
		3F4179C61D0515A600B934C5 /* main.m */ = {isa = PBXFileReference; lastKnownFileType = sourcecode.c.objc; path = main.m; sourceTree = "<group>"; };
		3F4179C81D0515A600B934C5 /* AppDelegate.h */ = {isa = PBXFileReference; lastKnownFileType = sourcecode.c.h; path = AppDelegate.h; sourceTree = "<group>"; };
		3F4179C91D0515A600B934C5 /* AppDelegate.m */ = {isa = PBXFileReference; lastKnownFileType = sourcecode.c.objc; path = AppDelegate.m; sourceTree = "<group>"; };
		3F4179CB1D0515A600B934C5 /* ViewController.h */ = {isa = PBXFileReference; lastKnownFileType = sourcecode.c.h; path = ViewController.h; sourceTree = "<group>"; };
		3F4179CC1D0515A600B934C5 /* ViewController.m */ = {isa = PBXFileReference; lastKnownFileType = sourcecode.c.objc; path = ViewController.m; sourceTree = "<group>"; };
		3F4179D11D0515A600B934C5 /* Images.xcassets */ = {isa = PBXFileReference; lastKnownFileType = folder.assetcatalog; path = Images.xcassets; sourceTree = "<group>"; };
		3F4179D41D0515A600B934C5 /* Base */ = {isa = PBXFileReference; lastKnownFileType = file.xib; name = Base; path = Base.lproj/LaunchScreen.xib; sourceTree = "<group>"; };
		3F4179DA1D0515A600B934C5 /* testproj-ios-coreTests.xctest */ = {isa = PBXFileReference; explicitFileType = wrapper.cfbundle; includeInIndex = 0; path = "testproj-ios-coreTests.xctest"; sourceTree = BUILT_PRODUCTS_DIR; };
		3F4179DF1D0515A600B934C5 /* Info.plist */ = {isa = PBXFileReference; lastKnownFileType = text.plist.xml; path = Info.plist; sourceTree = "<group>"; };
		3F4179E01D0515A600B934C5 /* testproj_ios_coreTests.m */ = {isa = PBXFileReference; lastKnownFileType = sourcecode.c.objc; path = testproj_ios_coreTests.m; sourceTree = "<group>"; };
		3F4179F71D05174500B934C5 /* ApiActivityClose.h */ = {isa = PBXFileReference; fileEncoding = 4; lastKnownFileType = sourcecode.c.h; path = ApiActivityClose.h; sourceTree = "<group>"; };
		3F4179F81D05174500B934C5 /* ApiActivityClose.m */ = {isa = PBXFileReference; fileEncoding = 4; lastKnownFileType = sourcecode.c.objc; path = ApiActivityClose.m; sourceTree = "<group>"; };
		3F4179FA1D05174500B934C5 /* ApiActivityOpen.h */ = {isa = PBXFileReference; fileEncoding = 4; lastKnownFileType = sourcecode.c.h; path = ApiActivityOpen.h; sourceTree = "<group>"; };
		3F4179FB1D05174500B934C5 /* ApiActivityOpen.m */ = {isa = PBXFileReference; fileEncoding = 4; lastKnownFileType = sourcecode.c.objc; path = ApiActivityOpen.m; sourceTree = "<group>"; };
		3F4179FD1D05174500B934C5 /* HybridApi.h */ = {isa = PBXFileReference; fileEncoding = 4; lastKnownFileType = sourcecode.c.h; path = HybridApi.h; sourceTree = "<group>"; };
		3F4179FE1D05174500B934C5 /* HybridApi.m */ = {isa = PBXFileReference; fileEncoding = 4; lastKnownFileType = sourcecode.c.objc; path = HybridApi.m; sourceTree = "<group>"; };
		3F417A001D05174500B934C5 /* HybridService.h */ = {isa = PBXFileReference; fileEncoding = 4; lastKnownFileType = sourcecode.c.h; path = HybridService.h; sourceTree = "<group>"; };
		3F417A011D05174500B934C5 /* HybridService.m */ = {isa = PBXFileReference; fileEncoding = 4; lastKnownFileType = sourcecode.c.objc; path = HybridService.m; sourceTree = "<group>"; };
		3F417A061D05174500B934C5 /* WebViewJavascriptBridge.h */ = {isa = PBXFileReference; fileEncoding = 4; lastKnownFileType = sourcecode.c.h; path = WebViewJavascriptBridge.h; sourceTree = "<group>"; };
		3F417A071D05174500B934C5 /* WebViewJavascriptBridge.m */ = {isa = PBXFileReference; fileEncoding = 4; lastKnownFileType = sourcecode.c.objc; path = WebViewJavascriptBridge.m; sourceTree = "<group>"; };
		3F417A081D05174500B934C5 /* WebViewJavascriptBridge_JS.h */ = {isa = PBXFileReference; fileEncoding = 4; lastKnownFileType = sourcecode.c.h; path = WebViewJavascriptBridge_JS.h; sourceTree = "<group>"; };
		3F417A091D05174500B934C5 /* WebViewJavascriptBridge_JS.m */ = {isa = PBXFileReference; fileEncoding = 4; lastKnownFileType = sourcecode.c.objc; path = WebViewJavascriptBridge_JS.m; sourceTree = "<group>"; };
		3F417A0A1D05174500B934C5 /* WebViewJavascriptBridgeBase.h */ = {isa = PBXFileReference; fileEncoding = 4; lastKnownFileType = sourcecode.c.h; path = WebViewJavascriptBridgeBase.h; sourceTree = "<group>"; };
		3F417A0B1D05174500B934C5 /* WebViewJavascriptBridgeBase.m */ = {isa = PBXFileReference; fileEncoding = 4; lastKnownFileType = sourcecode.c.objc; path = WebViewJavascriptBridgeBase.m; sourceTree = "<group>"; };
		3F417A141D05176000B934C5 /* HybridConf.h */ = {isa = PBXFileReference; fileEncoding = 4; lastKnownFileType = sourcecode.c.h; path = HybridConf.h; sourceTree = "<group>"; };
		3F417A151D05176000B934C5 /* HybridConf.m */ = {isa = PBXFileReference; fileEncoding = 4; lastKnownFileType = sourcecode.c.objc; path = HybridConf.m; sourceTree = "<group>"; };
		3F417A181D0517AE00B934C5 /* UiOpen.h */ = {isa = PBXFileReference; fileEncoding = 4; lastKnownFileType = sourcecode.c.h; path = UiOpen.h; sourceTree = "<group>"; };
		3F417A191D0517AE00B934C5 /* UiOpen.m */ = {isa = PBXFileReference; fileEncoding = 4; lastKnownFileType = sourcecode.c.objc; path = UiOpen.m; sourceTree = "<group>"; };
		3F417A1A1D0517AE00B934C5 /* UiRoot.h */ = {isa = PBXFileReference; fileEncoding = 4; lastKnownFileType = sourcecode.c.h; path = UiRoot.h; sourceTree = "<group>"; };
		3F417A1B1D0517AE00B934C5 /* UiRoot.m */ = {isa = PBXFileReference; fileEncoding = 4; lastKnownFileType = sourcecode.c.objc; path = UiRoot.m; sourceTree = "<group>"; };
		3F417A1F1D0517F500B934C5 /* apitest.htm */ = {isa = PBXFileReference; fileEncoding = 4; lastKnownFileType = text.html; path = apitest.htm; sourceTree = "<group>"; };
		3F417A201D0517F500B934C5 /* btn_nav bar_left arrow@2x.png */ = {isa = PBXFileReference; lastKnownFileType = image.png; path = "btn_nav bar_left arrow@2x.png"; sourceTree = "<group>"; };
		3F417A211D0517F500B934C5 /* btn_nav bar_left arrow@3x.png */ = {isa = PBXFileReference; lastKnownFileType = image.png; path = "btn_nav bar_left arrow@3x.png"; sourceTree = "<group>"; };
		3F417A221D0517F500B934C5 /* root.gif */ = {isa = PBXFileReference; lastKnownFileType = image.gif; path = root.gif; sourceTree = "<group>"; };
		3F417A231D0517F500B934C5 /* root.htm */ = {isa = PBXFileReference; fileEncoding = 4; lastKnownFileType = text.html; path = root.htm; sourceTree = "<group>"; };
/* End PBXFileReference section */

/* Begin PBXFrameworksBuildPhase section */
		3F4179BE1D0515A600B934C5 /* Frameworks */ = {
			isa = PBXFrameworksBuildPhase;
			buildActionMask = 2147483647;
			files = (
			);
			runOnlyForDeploymentPostprocessing = 0;
		};
		3F4179D71D0515A600B934C5 /* Frameworks */ = {
			isa = PBXFrameworksBuildPhase;
			buildActionMask = 2147483647;
			files = (
			);
			runOnlyForDeploymentPostprocessing = 0;
		};
/* End PBXFrameworksBuildPhase section */

/* Begin PBXGroup section */
		1F4C40BF1D0531B800DA7D70 /* HybridUi */ = {
			isa = PBXGroup;
			children = (
				1F4C40C01D0531B800DA7D70 /* HybridUi.h */,
				1F4C40C11D0531B800DA7D70 /* HybridUi.m */,
			);
			path = HybridUi;
			sourceTree = "<group>";
		};
		3F4179B81D0515A600B934C5 = {
			isa = PBXGroup;
			children = (
				3F417A1E1D0517F500B934C5 /* Assets */,
				3F417A171D0517AE00B934C5 /* UiRoot */,
				3F4179F61D05174500B934C5 /* _app_activity_close */,
				3F4179F91D05174500B934C5 /* _app_activity_open */,
				1F4C40BF1D0531B800DA7D70 /* HybridUi */,
				3F4179FC1D05174500B934C5 /* HybridApi */,
				3F4179FF1D05174500B934C5 /* HybridService */,
				3F417A051D05174500B934C5 /* JavascriptBridge */,
				3F4179C31D0515A600B934C5 /* testproj-ios-core */,
				3F4179DD1D0515A600B934C5 /* testproj-ios-coreTests */,
				3F4179C21D0515A600B934C5 /* Products */,
			);
			sourceTree = "<group>";
		};
		3F4179C21D0515A600B934C5 /* Products */ = {
			isa = PBXGroup;
			children = (
				3F4179C11D0515A600B934C5 /* testproj-ios-core.app */,
				3F4179DA1D0515A600B934C5 /* testproj-ios-coreTests.xctest */,
			);
			name = Products;
			sourceTree = "<group>";
		};
		3F4179C31D0515A600B934C5 /* testproj-ios-core */ = {
			isa = PBXGroup;
			children = (
				3F417A141D05176000B934C5 /* HybridConf.h */,
				3F417A151D05176000B934C5 /* HybridConf.m */,
				3F4179C81D0515A600B934C5 /* AppDelegate.h */,
				3F4179C91D0515A600B934C5 /* AppDelegate.m */,
				3F4179CB1D0515A600B934C5 /* ViewController.h */,
				3F4179CC1D0515A600B934C5 /* ViewController.m */,
				3F4179D11D0515A600B934C5 /* Images.xcassets */,
				3F4179D31D0515A600B934C5 /* LaunchScreen.xib */,
				3F4179C41D0515A600B934C5 /* Supporting Files */,
			);
			path = "testproj-ios-core";
			sourceTree = "<group>";
		};
		3F4179C41D0515A600B934C5 /* Supporting Files */ = {
			isa = PBXGroup;
			children = (
				3F4179C51D0515A600B934C5 /* Info.plist */,
				3F4179C61D0515A600B934C5 /* main.m */,
			);
			name = "Supporting Files";
			sourceTree = "<group>";
		};
		3F4179DD1D0515A600B934C5 /* testproj-ios-coreTests */ = {
			isa = PBXGroup;
			children = (
				3F4179E01D0515A600B934C5 /* testproj_ios_coreTests.m */,
				3F4179DE1D0515A600B934C5 /* Supporting Files */,
			);
			path = "testproj-ios-coreTests";
			sourceTree = "<group>";
		};
		3F4179DE1D0515A600B934C5 /* Supporting Files */ = {
			isa = PBXGroup;
			children = (
				3F4179DF1D0515A600B934C5 /* Info.plist */,
			);
			name = "Supporting Files";
			sourceTree = "<group>";
		};
		3F4179F61D05174500B934C5 /* _app_activity_close */ = {
			isa = PBXGroup;
			children = (
				3F4179F71D05174500B934C5 /* ApiActivityClose.h */,
				3F4179F81D05174500B934C5 /* ApiActivityClose.m */,
			);
			name = _app_activity_close;
			path = "../lib-ios/_app_activity_close";
			sourceTree = "<group>";
		};
		3F4179F91D05174500B934C5 /* _app_activity_open */ = {
			isa = PBXGroup;
			children = (
				3F4179FA1D05174500B934C5 /* ApiActivityOpen.h */,
				3F4179FB1D05174500B934C5 /* ApiActivityOpen.m */,
			);
			name = _app_activity_open;
			path = "../lib-ios/_app_activity_open";
			sourceTree = "<group>";
		};
		3F4179FC1D05174500B934C5 /* HybridApi */ = {
			isa = PBXGroup;
			children = (
				3F4179FD1D05174500B934C5 /* HybridApi.h */,
				3F4179FE1D05174500B934C5 /* HybridApi.m */,
			);
			name = HybridApi;
			path = "../lib-ios/szu-bdi-hybrid-core/HybridApi";
			sourceTree = "<group>";
		};
		3F4179FF1D05174500B934C5 /* HybridService */ = {
			isa = PBXGroup;
			children = (
				3F417A001D05174500B934C5 /* HybridService.h */,
				3F417A011D05174500B934C5 /* HybridService.m */,
			);
			name = HybridService;
			path = "../lib-ios/szu-bdi-hybrid-core/HybridService";
			sourceTree = "<group>";
		};
		3F417A051D05174500B934C5 /* JavascriptBridge */ = {
			isa = PBXGroup;
			children = (
				3F417A061D05174500B934C5 /* WebViewJavascriptBridge.h */,
				3F417A071D05174500B934C5 /* WebViewJavascriptBridge.m */,
				3F417A081D05174500B934C5 /* WebViewJavascriptBridge_JS.h */,
				3F417A091D05174500B934C5 /* WebViewJavascriptBridge_JS.m */,
				3F417A0A1D05174500B934C5 /* WebViewJavascriptBridgeBase.h */,
				3F417A0B1D05174500B934C5 /* WebViewJavascriptBridgeBase.m */,
			);
			name = JavascriptBridge;
			path = "../lib-ios/szu-bdi-hybrid-core/JavascriptBridge";
			sourceTree = "<group>";
		};
		3F417A171D0517AE00B934C5 /* UiRoot */ = {
			isa = PBXGroup;
			children = (
				3F417A181D0517AE00B934C5 /* UiOpen.h */,
				3F417A191D0517AE00B934C5 /* UiOpen.m */,
				3F417A1A1D0517AE00B934C5 /* UiRoot.h */,
				3F417A1B1D0517AE00B934C5 /* UiRoot.m */,
			);
			path = UiRoot;
			sourceTree = "<group>";
		};
		3F417A1E1D0517F500B934C5 /* Assets */ = {
			isa = PBXGroup;
			children = (
				3F417A1F1D0517F500B934C5 /* apitest.htm */,
				3F417A201D0517F500B934C5 /* btn_nav bar_left arrow@2x.png */,
				3F417A211D0517F500B934C5 /* btn_nav bar_left arrow@3x.png */,
				3F417A221D0517F500B934C5 /* root.gif */,
				3F417A231D0517F500B934C5 /* root.htm */,
			);
			path = Assets;
			sourceTree = "<group>";
		};
/* End PBXGroup section */

/* Begin PBXNativeTarget section */
		3F4179C01D0515A600B934C5 /* testproj-ios-core */ = {
			isa = PBXNativeTarget;
			buildConfigurationList = 3F4179E41D0515A600B934C5 /* Build configuration list for PBXNativeTarget "testproj-ios-core" */;
			buildPhases = (
				3F4179BD1D0515A600B934C5 /* Sources */,
				3F4179BE1D0515A600B934C5 /* Frameworks */,
				3F4179BF1D0515A600B934C5 /* Resources */,
			);
			buildRules = (
			);
			dependencies = (
			);
			name = "testproj-ios-core";
			productName = "testproj-ios-core";
			productReference = 3F4179C11D0515A600B934C5 /* testproj-ios-core.app */;
			productType = "com.apple.product-type.application";
		};
		3F4179D91D0515A600B934C5 /* testproj-ios-coreTests */ = {
			isa = PBXNativeTarget;
			buildConfigurationList = 3F4179E71D0515A600B934C5 /* Build configuration list for PBXNativeTarget "testproj-ios-coreTests" */;
			buildPhases = (
				3F4179D61D0515A600B934C5 /* Sources */,
				3F4179D71D0515A600B934C5 /* Frameworks */,
				3F4179D81D0515A600B934C5 /* Resources */,
			);
			buildRules = (
			);
			dependencies = (
				3F4179DC1D0515A600B934C5 /* PBXTargetDependency */,
			);
			name = "testproj-ios-coreTests";
			productName = "testproj-ios-coreTests";
			productReference = 3F4179DA1D0515A600B934C5 /* testproj-ios-coreTests.xctest */;
			productType = "com.apple.product-type.bundle.unit-test";
		};
/* End PBXNativeTarget section */

/* Begin PBXProject section */
		3F4179B91D0515A600B934C5 /* Project object */ = {
			isa = PBXProject;
			attributes = {
				LastUpgradeCheck = 0730;
				ORGANIZATIONNAME = szu.bdi;
				TargetAttributes = {
					3F4179C01D0515A600B934C5 = {
						CreatedOnToolsVersion = 6.4;
					};
					3F4179D91D0515A600B934C5 = {
						CreatedOnToolsVersion = 6.4;
						TestTargetID = 3F4179C01D0515A600B934C5;
					};
				};
			};
			buildConfigurationList = 3F4179BC1D0515A600B934C5 /* Build configuration list for PBXProject "testproj-ios-core" */;
			compatibilityVersion = "Xcode 3.2";
			developmentRegion = English;
			hasScannedForEncodings = 0;
			knownRegions = (
				en,
				Base,
			);
			mainGroup = 3F4179B81D0515A600B934C5;
			productRefGroup = 3F4179C21D0515A600B934C5 /* Products */;
			projectDirPath = "";
			projectRoot = "";
			targets = (
				3F4179C01D0515A600B934C5 /* testproj-ios-core */,
				3F4179D91D0515A600B934C5 /* testproj-ios-coreTests */,
			);
		};
/* End PBXProject section */

/* Begin PBXResourcesBuildPhase section */
		3F4179BF1D0515A600B934C5 /* Resources */ = {
			isa = PBXResourcesBuildPhase;
			buildActionMask = 2147483647;
			files = (
				3F417A251D0517F500B934C5 /* btn_nav bar_left arrow@2x.png in Resources */,
				3F417A261D0517F500B934C5 /* btn_nav bar_left arrow@3x.png in Resources */,
				3F417A241D0517F500B934C5 /* apitest.htm in Resources */,
				3F4179D51D0515A600B934C5 /* LaunchScreen.xib in Resources */,
				3F417A271D0517F500B934C5 /* root.gif in Resources */,
				3F417A281D0517F500B934C5 /* root.htm in Resources */,
				3F4179D21D0515A600B934C5 /* Images.xcassets in Resources */,
			);
			runOnlyForDeploymentPostprocessing = 0;
		};
		3F4179D81D0515A600B934C5 /* Resources */ = {
			isa = PBXResourcesBuildPhase;
			buildActionMask = 2147483647;
			files = (
			);
			runOnlyForDeploymentPostprocessing = 0;
		};
/* End PBXResourcesBuildPhase section */

/* Begin PBXSourcesBuildPhase section */
		3F4179BD1D0515A600B934C5 /* Sources */ = {
			isa = PBXSourcesBuildPhase;
			buildActionMask = 2147483647;
			files = (
				3F4179CD1D0515A600B934C5 /* ViewController.m in Sources */,
				3F417A111D05174500B934C5 /* WebViewJavascriptBridge.m in Sources */,
				3F4179CA1D0515A600B934C5 /* AppDelegate.m in Sources */,
				3F417A0D1D05174500B934C5 /* ApiActivityOpen.m in Sources */,
				3F417A121D05174500B934C5 /* WebViewJavascriptBridge_JS.m in Sources */,
				3F417A131D05174500B934C5 /* WebViewJavascriptBridgeBase.m in Sources */,
				1F4C40C21D0531B800DA7D70 /* HybridUi.m in Sources */,
				3F417A0C1D05174500B934C5 /* ApiActivityClose.m in Sources */,
				3F417A1D1D0517AE00B934C5 /* UiRoot.m in Sources */,
				3F417A1C1D0517AE00B934C5 /* UiOpen.m in Sources */,
				3F417A161D05176000B934C5 /* HybridConf.m in Sources */,
				3F417A0E1D05174500B934C5 /* HybridApi.m in Sources */,
				3F4179C71D0515A600B934C5 /* main.m in Sources */,
				3F417A0F1D05174500B934C5 /* HybridService.m in Sources */,
			);
			runOnlyForDeploymentPostprocessing = 0;
		};
		3F4179D61D0515A600B934C5 /* Sources */ = {
			isa = PBXSourcesBuildPhase;
			buildActionMask = 2147483647;
			files = (
				3F4179E11D0515A600B934C5 /* testproj_ios_coreTests.m in Sources */,
			);
			runOnlyForDeploymentPostprocessing = 0;
		};
/* End PBXSourcesBuildPhase section */

/* Begin PBXTargetDependency section */
		3F4179DC1D0515A600B934C5 /* PBXTargetDependency */ = {
			isa = PBXTargetDependency;
			target = 3F4179C01D0515A600B934C5 /* testproj-ios-core */;
			targetProxy = 3F4179DB1D0515A600B934C5 /* PBXContainerItemProxy */;
		};
/* End PBXTargetDependency section */

/* Begin PBXVariantGroup section */
		3F4179D31D0515A600B934C5 /* LaunchScreen.xib */ = {
			isa = PBXVariantGroup;
			children = (
				3F4179D41D0515A600B934C5 /* Base */,
			);
			name = LaunchScreen.xib;
			sourceTree = "<group>";
		};
/* End PBXVariantGroup section */

/* Begin XCBuildConfiguration section */
		3F4179E21D0515A600B934C5 /* Debug */ = {
			isa = XCBuildConfiguration;
			buildSettings = {
				ALWAYS_SEARCH_USER_PATHS = NO;
				CLANG_CXX_LANGUAGE_STANDARD = "gnu++0x";
				CLANG_CXX_LIBRARY = "libc++";
				CLANG_ENABLE_MODULES = YES;
				CLANG_ENABLE_OBJC_ARC = YES;
				CLANG_WARN_BOOL_CONVERSION = YES;
				CLANG_WARN_CONSTANT_CONVERSION = YES;
				CLANG_WARN_DIRECT_OBJC_ISA_USAGE = YES_ERROR;
				CLANG_WARN_EMPTY_BODY = YES;
				CLANG_WARN_ENUM_CONVERSION = YES;
				CLANG_WARN_INT_CONVERSION = YES;
				CLANG_WARN_OBJC_ROOT_CLASS = YES_ERROR;
				CLANG_WARN_UNREACHABLE_CODE = YES;
				CLANG_WARN__DUPLICATE_METHOD_MATCH = YES;
				"CODE_SIGN_IDENTITY[sdk=iphoneos*]" = "iPhone Developer";
				COPY_PHASE_STRIP = NO;
				DEBUG_INFORMATION_FORMAT = "dwarf-with-dsym";
				ENABLE_STRICT_OBJC_MSGSEND = YES;
				ENABLE_TESTABILITY = YES;
				GCC_C_LANGUAGE_STANDARD = gnu99;
				GCC_DYNAMIC_NO_PIC = NO;
				GCC_NO_COMMON_BLOCKS = YES;
				GCC_OPTIMIZATION_LEVEL = 0;
				GCC_PREPROCESSOR_DEFINITIONS = (
					"DEBUG=1",
					"$(inherited)",
				);
				GCC_SYMBOLS_PRIVATE_EXTERN = NO;
				GCC_WARN_64_TO_32_BIT_CONVERSION = YES;
				GCC_WARN_ABOUT_RETURN_TYPE = YES_ERROR;
				GCC_WARN_UNDECLARED_SELECTOR = YES;
				GCC_WARN_UNINITIALIZED_AUTOS = YES_AGGRESSIVE;
				GCC_WARN_UNUSED_FUNCTION = YES;
				GCC_WARN_UNUSED_VARIABLE = YES;
				IPHONEOS_DEPLOYMENT_TARGET = 8.4;
				MTL_ENABLE_DEBUG_INFO = YES;
				ONLY_ACTIVE_ARCH = YES;
				SDKROOT = iphoneos;
				TARGETED_DEVICE_FAMILY = "1,2";
			};
			name = Debug;
		};
		3F4179E31D0515A600B934C5 /* Release */ = {
			isa = XCBuildConfiguration;
			buildSettings = {
				ALWAYS_SEARCH_USER_PATHS = NO;
				CLANG_CXX_LANGUAGE_STANDARD = "gnu++0x";
				CLANG_CXX_LIBRARY = "libc++";
				CLANG_ENABLE_MODULES = YES;
				CLANG_ENABLE_OBJC_ARC = YES;
				CLANG_WARN_BOOL_CONVERSION = YES;
				CLANG_WARN_CONSTANT_CONVERSION = YES;
				CLANG_WARN_DIRECT_OBJC_ISA_USAGE = YES_ERROR;
				CLANG_WARN_EMPTY_BODY = YES;
				CLANG_WARN_ENUM_CONVERSION = YES;
				CLANG_WARN_INT_CONVERSION = YES;
				CLANG_WARN_OBJC_ROOT_CLASS = YES_ERROR;
				CLANG_WARN_UNREACHABLE_CODE = YES;
				CLANG_WARN__DUPLICATE_METHOD_MATCH = YES;
				"CODE_SIGN_IDENTITY[sdk=iphoneos*]" = "iPhone Developer";
				COPY_PHASE_STRIP = NO;
				DEBUG_INFORMATION_FORMAT = "dwarf-with-dsym";
				ENABLE_NS_ASSERTIONS = NO;
				ENABLE_STRICT_OBJC_MSGSEND = YES;
				GCC_C_LANGUAGE_STANDARD = gnu99;
				GCC_NO_COMMON_BLOCKS = YES;
				GCC_WARN_64_TO_32_BIT_CONVERSION = YES;
				GCC_WARN_ABOUT_RETURN_TYPE = YES_ERROR;
				GCC_WARN_UNDECLARED_SELECTOR = YES;
				GCC_WARN_UNINITIALIZED_AUTOS = YES_AGGRESSIVE;
				GCC_WARN_UNUSED_FUNCTION = YES;
				GCC_WARN_UNUSED_VARIABLE = YES;
				IPHONEOS_DEPLOYMENT_TARGET = 8.4;
				MTL_ENABLE_DEBUG_INFO = NO;
				SDKROOT = iphoneos;
				TARGETED_DEVICE_FAMILY = "1,2";
				VALIDATE_PRODUCT = YES;
			};
			name = Release;
		};
		3F4179E51D0515A600B934C5 /* Debug */ = {
			isa = XCBuildConfiguration;
			buildSettings = {
				ASSETCATALOG_COMPILER_APPICON_NAME = AppIcon;
				INFOPLIST_FILE = "testproj-ios-core/Info.plist";
				IPHONEOS_DEPLOYMENT_TARGET = 6.1;
				LD_RUNPATH_SEARCH_PATHS = "$(inherited) @executable_path/Frameworks";
				PRODUCT_BUNDLE_IDENTIFIER = "szu.bdi.hybrid.$(PRODUCT_NAME:rfc1034identifier)";
				PRODUCT_NAME = "$(TARGET_NAME)";
			};
			name = Debug;
		};
		3F4179E61D0515A600B934C5 /* Release */ = {
			isa = XCBuildConfiguration;
			buildSettings = {
				ASSETCATALOG_COMPILER_APPICON_NAME = AppIcon;
				INFOPLIST_FILE = "testproj-ios-core/Info.plist";
				IPHONEOS_DEPLOYMENT_TARGET = 6.1;
				LD_RUNPATH_SEARCH_PATHS = "$(inherited) @executable_path/Frameworks";
				PRODUCT_BUNDLE_IDENTIFIER = "szu.bdi.hybrid.$(PRODUCT_NAME:rfc1034identifier)";
				PRODUCT_NAME = "$(TARGET_NAME)";
			};
			name = Release;
		};
		3F4179E81D0515A600B934C5 /* Debug */ = {
			isa = XCBuildConfiguration;
			buildSettings = {
				BUNDLE_LOADER = "$(TEST_HOST)";
				FRAMEWORK_SEARCH_PATHS = (
					"$(SDKROOT)/Developer/Library/Frameworks",
					"$(inherited)",
				);
				GCC_PREPROCESSOR_DEFINITIONS = (
					"DEBUG=1",
					"$(inherited)",
				);
				INFOPLIST_FILE = "testproj-ios-coreTests/Info.plist";
				LD_RUNPATH_SEARCH_PATHS = "$(inherited) @executable_path/Frameworks @loader_path/Frameworks";
				PRODUCT_BUNDLE_IDENTIFIER = "szu.bdi.hybrid.$(PRODUCT_NAME:rfc1034identifier)";
				PRODUCT_NAME = "$(TARGET_NAME)";
				TEST_HOST = "$(BUILT_PRODUCTS_DIR)/testproj-ios-core.app/testproj-ios-core";
			};
			name = Debug;
		};
		3F4179E91D0515A600B934C5 /* Release */ = {
			isa = XCBuildConfiguration;
			buildSettings = {
				BUNDLE_LOADER = "$(TEST_HOST)";
				FRAMEWORK_SEARCH_PATHS = (
					"$(SDKROOT)/Developer/Library/Frameworks",
					"$(inherited)",
				);
				INFOPLIST_FILE = "testproj-ios-coreTests/Info.plist";
				LD_RUNPATH_SEARCH_PATHS = "$(inherited) @executable_path/Frameworks @loader_path/Frameworks";
				PRODUCT_BUNDLE_IDENTIFIER = "szu.bdi.hybrid.$(PRODUCT_NAME:rfc1034identifier)";
				PRODUCT_NAME = "$(TARGET_NAME)";
				TEST_HOST = "$(BUILT_PRODUCTS_DIR)/testproj-ios-core.app/testproj-ios-core";
			};
			name = Release;
		};
/* End XCBuildConfiguration section */

/* Begin XCConfigurationList section */
		3F4179BC1D0515A600B934C5 /* Build configuration list for PBXProject "testproj-ios-core" */ = {
			isa = XCConfigurationList;
			buildConfigurations = (
				3F4179E21D0515A600B934C5 /* Debug */,
				3F4179E31D0515A600B934C5 /* Release */,
			);
			defaultConfigurationIsVisible = 0;
			defaultConfigurationName = Release;
		};
		3F4179E41D0515A600B934C5 /* Build configuration list for PBXNativeTarget "testproj-ios-core" */ = {
			isa = XCConfigurationList;
			buildConfigurations = (
				3F4179E51D0515A600B934C5 /* Debug */,
				3F4179E61D0515A600B934C5 /* Release */,
			);
			defaultConfigurationIsVisible = 0;
			defaultConfigurationName = Release;
		};
		3F4179E71D0515A600B934C5 /* Build configuration list for PBXNativeTarget "testproj-ios-coreTests" */ = {
			isa = XCConfigurationList;
			buildConfigurations = (
				3F4179E81D0515A600B934C5 /* Debug */,
				3F4179E91D0515A600B934C5 /* Release */,
			);
			defaultConfigurationIsVisible = 0;
			defaultConfigurationName = Release;
		};
/* End XCConfigurationList section */
	};
	rootObject = 3F4179B91D0515A600B934C5 /* Project object */;
}
