// !$*UTF8*$!
{
	archiveVersion = 1;
	classes = {
	};
	objectVersion = 46;
	objects = {

/* Begin PBXBuildFile section */
		1F7B0A0E1D0155DC002D13A4 /* HybridUiBase.m in Sources */ = {isa = PBXBuildFile; fileRef = 1F7B0A0D1D0155DC002D13A4 /* HybridUiBase.m */; };
		1F7B0A121D016273002D13A4 /* HybridService.m in Sources */ = {isa = PBXBuildFile; fileRef = 1F7B0A111D016273002D13A4 /* HybridService.m */; };
		1FFA55FE1CFFF51600F52140 /* main.m in Sources */ = {isa = PBXBuildFile; fileRef = 1FFA55FD1CFFF51600F52140 /* main.m */; };
		1FFA56011CFFF51600F52140 /* AppDelegate.m in Sources */ = {isa = PBXBuildFile; fileRef = 1FFA56001CFFF51600F52140 /* AppDelegate.m */; };
		1FFA56091CFFF51600F52140 /* Assets.xcassets in Resources */ = {isa = PBXBuildFile; fileRef = 1FFA56081CFFF51600F52140 /* Assets.xcassets */; };
		1FFA560C1CFFF51600F52140 /* LaunchScreen.storyboard in Resources */ = {isa = PBXBuildFile; fileRef = 1FFA560A1CFFF51600F52140 /* LaunchScreen.storyboard */; };
		1FFA56171CFFF51700F52140 /* Hybrid_v2Tests.m in Sources */ = {isa = PBXBuildFile; fileRef = 1FFA56161CFFF51700F52140 /* Hybrid_v2Tests.m */; };
		1FFA56221CFFF51700F52140 /* Hybrid_v2UITests.m in Sources */ = {isa = PBXBuildFile; fileRef = 1FFA56211CFFF51700F52140 /* Hybrid_v2UITests.m */; };
		1FFA563A1CFFF5E600F52140 /* WebViewJavascriptBridge.m in Sources */ = {isa = PBXBuildFile; fileRef = 1FFA56351CFFF5E600F52140 /* WebViewJavascriptBridge.m */; };
		1FFA563B1CFFF5E600F52140 /* WebViewJavascriptBridge_JS.m in Sources */ = {isa = PBXBuildFile; fileRef = 1FFA56371CFFF5E600F52140 /* WebViewJavascriptBridge_JS.m */; };
		1FFA563C1CFFF5E600F52140 /* WebViewJavascriptBridgeBase.m in Sources */ = {isa = PBXBuildFile; fileRef = 1FFA56391CFFF5E600F52140 /* WebViewJavascriptBridgeBase.m */; };
		1FFA56401CFFF64500F52140 /* UiRoot.m in Sources */ = {isa = PBXBuildFile; fileRef = 1FFA563F1CFFF64500F52140 /* UiRoot.m */; };
		1FFA56431CFFF7C300F52140 /* HybridConf.m in Sources */ = {isa = PBXBuildFile; fileRef = 1FFA56421CFFF7C300F52140 /* HybridConf.m */; };
		1FFA56471CFFF8F200F52140 /* HybridApi.m in Sources */ = {isa = PBXBuildFile; fileRef = 1FFA56461CFFF8F200F52140 /* HybridApi.m */; };
		1FFA56521D0007EA00F52140 /* apitest.htm in Resources */ = {isa = PBXBuildFile; fileRef = 1FFA564F1D0007EA00F52140 /* apitest.htm */; };
		1FFA56531D0007EA00F52140 /* root.gif in Resources */ = {isa = PBXBuildFile; fileRef = 1FFA56501D0007EA00F52140 /* root.gif */; };
		1FFA56541D0007EA00F52140 /* root.htm in Resources */ = {isa = PBXBuildFile; fileRef = 1FFA56511D0007EA00F52140 /* root.htm */; };
		1FFA56581D000D7400F52140 /* ApiActivityOpen.m in Sources */ = {isa = PBXBuildFile; fileRef = 1FFA56571D000D7400F52140 /* ApiActivityOpen.m */; };
/* End PBXBuildFile section */

/* Begin PBXContainerItemProxy section */
		1FFA56131CFFF51700F52140 /* PBXContainerItemProxy */ = {
			isa = PBXContainerItemProxy;
			containerPortal = 1FFA55F11CFFF51600F52140 /* Project object */;
			proxyType = 1;
			remoteGlobalIDString = 1FFA55F81CFFF51600F52140;
			remoteInfo = "Hybrid-v2";
		};
		1FFA561E1CFFF51700F52140 /* PBXContainerItemProxy */ = {
			isa = PBXContainerItemProxy;
			containerPortal = 1FFA55F11CFFF51600F52140 /* Project object */;
			proxyType = 1;
			remoteGlobalIDString = 1FFA55F81CFFF51600F52140;
			remoteInfo = "Hybrid-v2";
		};
/* End PBXContainerItemProxy section */

/* Begin PBXFileReference section */
		1F7B0A0C1D0155DC002D13A4 /* HybridUiBase.h */ = {isa = PBXFileReference; fileEncoding = 4; lastKnownFileType = sourcecode.c.h; path = HybridUiBase.h; sourceTree = "<group>"; };
		1F7B0A0D1D0155DC002D13A4 /* HybridUiBase.m */ = {isa = PBXFileReference; fileEncoding = 4; lastKnownFileType = sourcecode.c.objc; path = HybridUiBase.m; sourceTree = "<group>"; };
		1F7B0A101D016273002D13A4 /* HybridService.h */ = {isa = PBXFileReference; fileEncoding = 4; lastKnownFileType = sourcecode.c.h; path = HybridService.h; sourceTree = "<group>"; };
		1F7B0A111D016273002D13A4 /* HybridService.m */ = {isa = PBXFileReference; fileEncoding = 4; lastKnownFileType = sourcecode.c.objc; path = HybridService.m; sourceTree = "<group>"; };
		1FFA55F91CFFF51600F52140 /* Hybrid-v2.app */ = {isa = PBXFileReference; explicitFileType = wrapper.application; includeInIndex = 0; path = "Hybrid-v2.app"; sourceTree = BUILT_PRODUCTS_DIR; };
		1FFA55FD1CFFF51600F52140 /* main.m */ = {isa = PBXFileReference; lastKnownFileType = sourcecode.c.objc; path = main.m; sourceTree = "<group>"; };
		1FFA55FF1CFFF51600F52140 /* AppDelegate.h */ = {isa = PBXFileReference; lastKnownFileType = sourcecode.c.h; path = AppDelegate.h; sourceTree = "<group>"; };
		1FFA56001CFFF51600F52140 /* AppDelegate.m */ = {isa = PBXFileReference; lastKnownFileType = sourcecode.c.objc; path = AppDelegate.m; sourceTree = "<group>"; };
		1FFA56081CFFF51600F52140 /* Assets.xcassets */ = {isa = PBXFileReference; lastKnownFileType = folder.assetcatalog; path = Assets.xcassets; sourceTree = "<group>"; };
		1FFA560B1CFFF51600F52140 /* Base */ = {isa = PBXFileReference; lastKnownFileType = file.storyboard; name = Base; path = Base.lproj/LaunchScreen.storyboard; sourceTree = "<group>"; };
		1FFA560D1CFFF51600F52140 /* Info.plist */ = {isa = PBXFileReference; lastKnownFileType = text.plist.xml; path = Info.plist; sourceTree = "<group>"; };
		1FFA56121CFFF51600F52140 /* Hybrid-v2Tests.xctest */ = {isa = PBXFileReference; explicitFileType = wrapper.cfbundle; includeInIndex = 0; path = "Hybrid-v2Tests.xctest"; sourceTree = BUILT_PRODUCTS_DIR; };
		1FFA56161CFFF51700F52140 /* Hybrid_v2Tests.m */ = {isa = PBXFileReference; lastKnownFileType = sourcecode.c.objc; path = Hybrid_v2Tests.m; sourceTree = "<group>"; };
		1FFA56181CFFF51700F52140 /* Info.plist */ = {isa = PBXFileReference; lastKnownFileType = text.plist.xml; path = Info.plist; sourceTree = "<group>"; };
		1FFA561D1CFFF51700F52140 /* Hybrid-v2UITests.xctest */ = {isa = PBXFileReference; explicitFileType = wrapper.cfbundle; includeInIndex = 0; path = "Hybrid-v2UITests.xctest"; sourceTree = BUILT_PRODUCTS_DIR; };
		1FFA56211CFFF51700F52140 /* Hybrid_v2UITests.m */ = {isa = PBXFileReference; lastKnownFileType = sourcecode.c.objc; path = Hybrid_v2UITests.m; sourceTree = "<group>"; };
		1FFA56231CFFF51700F52140 /* Info.plist */ = {isa = PBXFileReference; lastKnownFileType = text.plist.xml; path = Info.plist; sourceTree = "<group>"; };
		1FFA56341CFFF5E600F52140 /* WebViewJavascriptBridge.h */ = {isa = PBXFileReference; fileEncoding = 4; lastKnownFileType = sourcecode.c.h; path = WebViewJavascriptBridge.h; sourceTree = "<group>"; };
		1FFA56351CFFF5E600F52140 /* WebViewJavascriptBridge.m */ = {isa = PBXFileReference; fileEncoding = 4; lastKnownFileType = sourcecode.c.objc; path = WebViewJavascriptBridge.m; sourceTree = "<group>"; };
		1FFA56361CFFF5E600F52140 /* WebViewJavascriptBridge_JS.h */ = {isa = PBXFileReference; fileEncoding = 4; lastKnownFileType = sourcecode.c.h; path = WebViewJavascriptBridge_JS.h; sourceTree = "<group>"; };
		1FFA56371CFFF5E600F52140 /* WebViewJavascriptBridge_JS.m */ = {isa = PBXFileReference; fileEncoding = 4; lastKnownFileType = sourcecode.c.objc; path = WebViewJavascriptBridge_JS.m; sourceTree = "<group>"; };
		1FFA56381CFFF5E600F52140 /* WebViewJavascriptBridgeBase.h */ = {isa = PBXFileReference; fileEncoding = 4; lastKnownFileType = sourcecode.c.h; path = WebViewJavascriptBridgeBase.h; sourceTree = "<group>"; };
		1FFA56391CFFF5E600F52140 /* WebViewJavascriptBridgeBase.m */ = {isa = PBXFileReference; fileEncoding = 4; lastKnownFileType = sourcecode.c.objc; path = WebViewJavascriptBridgeBase.m; sourceTree = "<group>"; };
		1FFA563E1CFFF64500F52140 /* UiRoot.h */ = {isa = PBXFileReference; fileEncoding = 4; lastKnownFileType = sourcecode.c.h; path = UiRoot.h; sourceTree = "<group>"; };
		1FFA563F1CFFF64500F52140 /* UiRoot.m */ = {isa = PBXFileReference; fileEncoding = 4; lastKnownFileType = sourcecode.c.objc; path = UiRoot.m; sourceTree = "<group>"; };
		1FFA56411CFFF7C300F52140 /* HybridConf.h */ = {isa = PBXFileReference; fileEncoding = 4; lastKnownFileType = sourcecode.c.h; path = HybridConf.h; sourceTree = "<group>"; };
		1FFA56421CFFF7C300F52140 /* HybridConf.m */ = {isa = PBXFileReference; fileEncoding = 4; lastKnownFileType = sourcecode.c.objc; path = HybridConf.m; sourceTree = "<group>"; };
		1FFA56451CFFF8F200F52140 /* HybridApi.h */ = {isa = PBXFileReference; fileEncoding = 4; lastKnownFileType = sourcecode.c.h; path = HybridApi.h; sourceTree = "<group>"; };
		1FFA56461CFFF8F200F52140 /* HybridApi.m */ = {isa = PBXFileReference; fileEncoding = 4; lastKnownFileType = sourcecode.c.objc; path = HybridApi.m; sourceTree = "<group>"; };
		1FFA564F1D0007EA00F52140 /* apitest.htm */ = {isa = PBXFileReference; fileEncoding = 4; lastKnownFileType = text.html; path = apitest.htm; sourceTree = "<group>"; };
		1FFA56501D0007EA00F52140 /* root.gif */ = {isa = PBXFileReference; lastKnownFileType = image.gif; path = root.gif; sourceTree = "<group>"; };
		1FFA56511D0007EA00F52140 /* root.htm */ = {isa = PBXFileReference; fileEncoding = 4; lastKnownFileType = text.html; path = root.htm; sourceTree = "<group>"; };
		1FFA56561D000D7400F52140 /* ApiActivityOpen.h */ = {isa = PBXFileReference; fileEncoding = 4; lastKnownFileType = sourcecode.c.h; path = ApiActivityOpen.h; sourceTree = "<group>"; };
		1FFA56571D000D7400F52140 /* ApiActivityOpen.m */ = {isa = PBXFileReference; fileEncoding = 4; lastKnownFileType = sourcecode.c.objc; path = ApiActivityOpen.m; sourceTree = "<group>"; };
/* End PBXFileReference section */

/* Begin PBXFrameworksBuildPhase section */
		1FFA55F61CFFF51600F52140 /* Frameworks */ = {
			isa = PBXFrameworksBuildPhase;
			buildActionMask = 2147483647;
			files = (
			);
			runOnlyForDeploymentPostprocessing = 0;
		};
		1FFA560F1CFFF51600F52140 /* Frameworks */ = {
			isa = PBXFrameworksBuildPhase;
			buildActionMask = 2147483647;
			files = (
			);
			runOnlyForDeploymentPostprocessing = 0;
		};
		1FFA561A1CFFF51700F52140 /* Frameworks */ = {
			isa = PBXFrameworksBuildPhase;
			buildActionMask = 2147483647;
			files = (
			);
			runOnlyForDeploymentPostprocessing = 0;
		};
/* End PBXFrameworksBuildPhase section */

/* Begin PBXGroup section */
		1F7B0A0B1D0155DC002D13A4 /* HybridUiBase */ = {
			isa = PBXGroup;
			children = (
				1F7B0A0C1D0155DC002D13A4 /* HybridUiBase.h */,
				1F7B0A0D1D0155DC002D13A4 /* HybridUiBase.m */,
			);
			path = HybridUiBase;
			sourceTree = "<group>";
		};
		1F7B0A0F1D016273002D13A4 /* HybridService */ = {
			isa = PBXGroup;
			children = (
				1F7B0A101D016273002D13A4 /* HybridService.h */,
				1F7B0A111D016273002D13A4 /* HybridService.m */,
			);
			path = HybridService;
			sourceTree = "<group>";
		};
		1FFA55F01CFFF51600F52140 = {
			isa = PBXGroup;
			children = (
				1FFA56331CFFF5E600F52140 /* JavascriptBridge */,
				1FFA56551D000D5400F52140 /* _app_activity_open */,
				1FFA564E1D0007EA00F52140 /* Assets */,
				1FFA56441CFFF8B300F52140 /* HybridApi */,
				1F7B0A0B1D0155DC002D13A4 /* HybridUiBase */,
				1FFA563D1CFFF62400F52140 /* UiRoot */,
				1F7B0A0F1D016273002D13A4 /* HybridService */,
				1FFA55FB1CFFF51600F52140 /* Hybrid-v2 */,
				1FFA56151CFFF51700F52140 /* Hybrid-v2Tests */,
				1FFA56201CFFF51700F52140 /* Hybrid-v2UITests */,
				1FFA55FA1CFFF51600F52140 /* Products */,
			);
			sourceTree = "<group>";
		};
		1FFA55FA1CFFF51600F52140 /* Products */ = {
			isa = PBXGroup;
			children = (
				1FFA55F91CFFF51600F52140 /* Hybrid-v2.app */,
				1FFA56121CFFF51600F52140 /* Hybrid-v2Tests.xctest */,
				1FFA561D1CFFF51700F52140 /* Hybrid-v2UITests.xctest */,
			);
			name = Products;
			sourceTree = "<group>";
		};
		1FFA55FB1CFFF51600F52140 /* Hybrid-v2 */ = {
			isa = PBXGroup;
			children = (
				1FFA55FF1CFFF51600F52140 /* AppDelegate.h */,
				1FFA56001CFFF51600F52140 /* AppDelegate.m */,
				1FFA56411CFFF7C300F52140 /* HybridConf.h */,
				1FFA56421CFFF7C300F52140 /* HybridConf.m */,
				1FFA55FC1CFFF51600F52140 /* Supporting Files */,
			);
			path = "Hybrid-v2";
			sourceTree = "<group>";
		};
		1FFA55FC1CFFF51600F52140 /* Supporting Files */ = {
			isa = PBXGroup;
			children = (
				1FFA56081CFFF51600F52140 /* Assets.xcassets */,
				1FFA560A1CFFF51600F52140 /* LaunchScreen.storyboard */,
				1FFA560D1CFFF51600F52140 /* Info.plist */,
				1FFA55FD1CFFF51600F52140 /* main.m */,
			);
			name = "Supporting Files";
			sourceTree = "<group>";
		};
		1FFA56151CFFF51700F52140 /* Hybrid-v2Tests */ = {
			isa = PBXGroup;
			children = (
				1FFA56161CFFF51700F52140 /* Hybrid_v2Tests.m */,
				1FFA56181CFFF51700F52140 /* Info.plist */,
			);
			path = "Hybrid-v2Tests";
			sourceTree = "<group>";
		};
		1FFA56201CFFF51700F52140 /* Hybrid-v2UITests */ = {
			isa = PBXGroup;
			children = (
				1FFA56211CFFF51700F52140 /* Hybrid_v2UITests.m */,
				1FFA56231CFFF51700F52140 /* Info.plist */,
			);
			path = "Hybrid-v2UITests";
			sourceTree = "<group>";
		};
		1FFA56331CFFF5E600F52140 /* JavascriptBridge */ = {
			isa = PBXGroup;
			children = (
				1FFA56341CFFF5E600F52140 /* WebViewJavascriptBridge.h */,
				1FFA56351CFFF5E600F52140 /* WebViewJavascriptBridge.m */,
				1FFA56361CFFF5E600F52140 /* WebViewJavascriptBridge_JS.h */,
				1FFA56371CFFF5E600F52140 /* WebViewJavascriptBridge_JS.m */,
				1FFA56381CFFF5E600F52140 /* WebViewJavascriptBridgeBase.h */,
				1FFA56391CFFF5E600F52140 /* WebViewJavascriptBridgeBase.m */,
			);
			path = JavascriptBridge;
			sourceTree = "<group>";
		};
		1FFA563D1CFFF62400F52140 /* UiRoot */ = {
			isa = PBXGroup;
			children = (
				1FFA563E1CFFF64500F52140 /* UiRoot.h */,
				1FFA563F1CFFF64500F52140 /* UiRoot.m */,
			);
			name = UiRoot;
			path = UIRoot;
			sourceTree = "<group>";
		};
		1FFA56441CFFF8B300F52140 /* HybridApi */ = {
			isa = PBXGroup;
			children = (
				1FFA56451CFFF8F200F52140 /* HybridApi.h */,
				1FFA56461CFFF8F200F52140 /* HybridApi.m */,
			);
			path = HybridApi;
			sourceTree = "<group>";
		};
		1FFA564E1D0007EA00F52140 /* Assets */ = {
			isa = PBXGroup;
			children = (
				1FFA564F1D0007EA00F52140 /* apitest.htm */,
				1FFA56501D0007EA00F52140 /* root.gif */,
				1FFA56511D0007EA00F52140 /* root.htm */,
			);
			path = Assets;
			sourceTree = "<group>";
		};
		1FFA56551D000D5400F52140 /* _app_activity_open */ = {
			isa = PBXGroup;
			children = (
				1FFA56561D000D7400F52140 /* ApiActivityOpen.h */,
				1FFA56571D000D7400F52140 /* ApiActivityOpen.m */,
			);
			path = _app_activity_open;
			sourceTree = "<group>";
		};
/* End PBXGroup section */

/* Begin PBXNativeTarget section */
		1FFA55F81CFFF51600F52140 /* Hybrid-v2 */ = {
			isa = PBXNativeTarget;
			buildConfigurationList = 1FFA56261CFFF51700F52140 /* Build configuration list for PBXNativeTarget "Hybrid-v2" */;
			buildPhases = (
				1FFA55F51CFFF51600F52140 /* Sources */,
				1FFA55F61CFFF51600F52140 /* Frameworks */,
				1FFA55F71CFFF51600F52140 /* Resources */,
			);
			buildRules = (
			);
			dependencies = (
			);
			name = "Hybrid-v2";
			productName = "Hybrid-v2";
			productReference = 1FFA55F91CFFF51600F52140 /* Hybrid-v2.app */;
			productType = "com.apple.product-type.application";
		};
		1FFA56111CFFF51600F52140 /* Hybrid-v2Tests */ = {
			isa = PBXNativeTarget;
			buildConfigurationList = 1FFA56291CFFF51700F52140 /* Build configuration list for PBXNativeTarget "Hybrid-v2Tests" */;
			buildPhases = (
				1FFA560E1CFFF51600F52140 /* Sources */,
				1FFA560F1CFFF51600F52140 /* Frameworks */,
				1FFA56101CFFF51600F52140 /* Resources */,
			);
			buildRules = (
			);
			dependencies = (
				1FFA56141CFFF51700F52140 /* PBXTargetDependency */,
			);
			name = "Hybrid-v2Tests";
			productName = "Hybrid-v2Tests";
			productReference = 1FFA56121CFFF51600F52140 /* Hybrid-v2Tests.xctest */;
			productType = "com.apple.product-type.bundle.unit-test";
		};
		1FFA561C1CFFF51700F52140 /* Hybrid-v2UITests */ = {
			isa = PBXNativeTarget;
			buildConfigurationList = 1FFA562C1CFFF51700F52140 /* Build configuration list for PBXNativeTarget "Hybrid-v2UITests" */;
			buildPhases = (
				1FFA56191CFFF51700F52140 /* Sources */,
				1FFA561A1CFFF51700F52140 /* Frameworks */,
				1FFA561B1CFFF51700F52140 /* Resources */,
			);
			buildRules = (
			);
			dependencies = (
				1FFA561F1CFFF51700F52140 /* PBXTargetDependency */,
			);
			name = "Hybrid-v2UITests";
			productName = "Hybrid-v2UITests";
			productReference = 1FFA561D1CFFF51700F52140 /* Hybrid-v2UITests.xctest */;
			productType = "com.apple.product-type.bundle.ui-testing";
		};
/* End PBXNativeTarget section */

/* Begin PBXProject section */
		1FFA55F11CFFF51600F52140 /* Project object */ = {
			isa = PBXProject;
			attributes = {
				LastUpgradeCheck = 0730;
				ORGANIZATIONNAME = Cmptech;
				TargetAttributes = {
					1FFA55F81CFFF51600F52140 = {
						CreatedOnToolsVersion = 7.3;
					};
					1FFA56111CFFF51600F52140 = {
						CreatedOnToolsVersion = 7.3;
						TestTargetID = 1FFA55F81CFFF51600F52140;
					};
					1FFA561C1CFFF51700F52140 = {
						CreatedOnToolsVersion = 7.3;
						TestTargetID = 1FFA55F81CFFF51600F52140;
					};
				};
			};
			buildConfigurationList = 1FFA55F41CFFF51600F52140 /* Build configuration list for PBXProject "Hybrid-v2" */;
			compatibilityVersion = "Xcode 3.2";
			developmentRegion = English;
			hasScannedForEncodings = 0;
			knownRegions = (
				en,
				Base,
			);
			mainGroup = 1FFA55F01CFFF51600F52140;
			productRefGroup = 1FFA55FA1CFFF51600F52140 /* Products */;
			projectDirPath = "";
			projectRoot = "";
			targets = (
				1FFA55F81CFFF51600F52140 /* Hybrid-v2 */,
				1FFA56111CFFF51600F52140 /* Hybrid-v2Tests */,
				1FFA561C1CFFF51700F52140 /* Hybrid-v2UITests */,
			);
		};
/* End PBXProject section */

/* Begin PBXResourcesBuildPhase section */
		1FFA55F71CFFF51600F52140 /* Resources */ = {
			isa = PBXResourcesBuildPhase;
			buildActionMask = 2147483647;
			files = (
				1FFA56531D0007EA00F52140 /* root.gif in Resources */,
				1FFA56521D0007EA00F52140 /* apitest.htm in Resources */,
				1FFA560C1CFFF51600F52140 /* LaunchScreen.storyboard in Resources */,
				1FFA56541D0007EA00F52140 /* root.htm in Resources */,
				1FFA56091CFFF51600F52140 /* Assets.xcassets in Resources */,
			);
			runOnlyForDeploymentPostprocessing = 0;
		};
		1FFA56101CFFF51600F52140 /* Resources */ = {
			isa = PBXResourcesBuildPhase;
			buildActionMask = 2147483647;
			files = (
			);
			runOnlyForDeploymentPostprocessing = 0;
		};
		1FFA561B1CFFF51700F52140 /* Resources */ = {
			isa = PBXResourcesBuildPhase;
			buildActionMask = 2147483647;
			files = (
			);
			runOnlyForDeploymentPostprocessing = 0;
		};
/* End PBXResourcesBuildPhase section */

/* Begin PBXSourcesBuildPhase section */
		1FFA55F51CFFF51600F52140 /* Sources */ = {
			isa = PBXSourcesBuildPhase;
			buildActionMask = 2147483647;
			files = (
				1FFA56011CFFF51600F52140 /* AppDelegate.m in Sources */,
				1F7B0A121D016273002D13A4 /* HybridService.m in Sources */,
				1FFA563B1CFFF5E600F52140 /* WebViewJavascriptBridge_JS.m in Sources */,
				1FFA563C1CFFF5E600F52140 /* WebViewJavascriptBridgeBase.m in Sources */,
				1FFA56401CFFF64500F52140 /* UiRoot.m in Sources */,
				1FFA55FE1CFFF51600F52140 /* main.m in Sources */,
				1FFA56581D000D7400F52140 /* ApiActivityOpen.m in Sources */,
				1FFA563A1CFFF5E600F52140 /* WebViewJavascriptBridge.m in Sources */,
				1FFA56471CFFF8F200F52140 /* HybridApi.m in Sources */,
				1FFA56431CFFF7C300F52140 /* HybridConf.m in Sources */,
				1F7B0A0E1D0155DC002D13A4 /* HybridUiBase.m in Sources */,
			);
			runOnlyForDeploymentPostprocessing = 0;
		};
		1FFA560E1CFFF51600F52140 /* Sources */ = {
			isa = PBXSourcesBuildPhase;
			buildActionMask = 2147483647;
			files = (
				1FFA56171CFFF51700F52140 /* Hybrid_v2Tests.m in Sources */,
			);
			runOnlyForDeploymentPostprocessing = 0;
		};
		1FFA56191CFFF51700F52140 /* Sources */ = {
			isa = PBXSourcesBuildPhase;
			buildActionMask = 2147483647;
			files = (
				1FFA56221CFFF51700F52140 /* Hybrid_v2UITests.m in Sources */,
			);
			runOnlyForDeploymentPostprocessing = 0;
		};
/* End PBXSourcesBuildPhase section */

/* Begin PBXTargetDependency section */
		1FFA56141CFFF51700F52140 /* PBXTargetDependency */ = {
			isa = PBXTargetDependency;
			target = 1FFA55F81CFFF51600F52140 /* Hybrid-v2 */;
			targetProxy = 1FFA56131CFFF51700F52140 /* PBXContainerItemProxy */;
		};
		1FFA561F1CFFF51700F52140 /* PBXTargetDependency */ = {
			isa = PBXTargetDependency;
			target = 1FFA55F81CFFF51600F52140 /* Hybrid-v2 */;
			targetProxy = 1FFA561E1CFFF51700F52140 /* PBXContainerItemProxy */;
		};
/* End PBXTargetDependency section */

/* Begin PBXVariantGroup section */
		1FFA560A1CFFF51600F52140 /* LaunchScreen.storyboard */ = {
			isa = PBXVariantGroup;
			children = (
				1FFA560B1CFFF51600F52140 /* Base */,
			);
			name = LaunchScreen.storyboard;
			sourceTree = "<group>";
		};
/* End PBXVariantGroup section */

/* Begin XCBuildConfiguration section */
		1FFA56241CFFF51700F52140 /* Debug */ = {
			isa = XCBuildConfiguration;
			buildSettings = {
				ALWAYS_SEARCH_USER_PATHS = NO;
				CLANG_ANALYZER_NONNULL = YES;
				CLANG_CXX_LANGUAGE_STANDARD = "gnu++0x";
				CLANG_CXX_LIBRARY = "libc++";
				CLANG_ENABLE_MODULES = YES;
				CLANG_ENABLE_OBJC_ARC = YES;
				CLANG_WARN_BOOL_CONVERSION = YES;
				CLANG_WARN_CONSTANT_CONVERSION = YES;
				CLANG_WARN_DIRECT_OBJC_ISA_USAGE = YES_ERROR;
				CLANG_WARN_EMPTY_BODY = YES;
				CLANG_WARN_ENUM_CONVERSION = YES;
				CLANG_WARN_INT_CONVERSION = YES;
				CLANG_WARN_OBJC_ROOT_CLASS = YES_ERROR;
				CLANG_WARN_UNREACHABLE_CODE = YES;
				CLANG_WARN__DUPLICATE_METHOD_MATCH = YES;
				"CODE_SIGN_IDENTITY[sdk=iphoneos*]" = "iPhone Developer";
				COPY_PHASE_STRIP = NO;
				DEBUG_INFORMATION_FORMAT = dwarf;
				ENABLE_STRICT_OBJC_MSGSEND = YES;
				ENABLE_TESTABILITY = YES;
				GCC_C_LANGUAGE_STANDARD = gnu99;
				GCC_DYNAMIC_NO_PIC = NO;
				GCC_NO_COMMON_BLOCKS = YES;
				GCC_OPTIMIZATION_LEVEL = 0;
				GCC_PREPROCESSOR_DEFINITIONS = (
					"DEBUG=1",
					"$(inherited)",
				);
				GCC_WARN_64_TO_32_BIT_CONVERSION = YES;
				GCC_WARN_ABOUT_RETURN_TYPE = YES_ERROR;
				GCC_WARN_UNDECLARED_SELECTOR = YES;
				GCC_WARN_UNINITIALIZED_AUTOS = YES_AGGRESSIVE;
				GCC_WARN_UNUSED_FUNCTION = YES;
				GCC_WARN_UNUSED_VARIABLE = YES;
				IPHONEOS_DEPLOYMENT_TARGET = 9.3;
				MTL_ENABLE_DEBUG_INFO = YES;
				ONLY_ACTIVE_ARCH = YES;
				SDKROOT = iphoneos;
				TARGETED_DEVICE_FAMILY = "1,2";
			};
			name = Debug;
		};
		1FFA56251CFFF51700F52140 /* Release */ = {
			isa = XCBuildConfiguration;
			buildSettings = {
				ALWAYS_SEARCH_USER_PATHS = NO;
				CLANG_ANALYZER_NONNULL = YES;
				CLANG_CXX_LANGUAGE_STANDARD = "gnu++0x";
				CLANG_CXX_LIBRARY = "libc++";
				CLANG_ENABLE_MODULES = YES;
				CLANG_ENABLE_OBJC_ARC = YES;
				CLANG_WARN_BOOL_CONVERSION = YES;
				CLANG_WARN_CONSTANT_CONVERSION = YES;
				CLANG_WARN_DIRECT_OBJC_ISA_USAGE = YES_ERROR;
				CLANG_WARN_EMPTY_BODY = YES;
				CLANG_WARN_ENUM_CONVERSION = YES;
				CLANG_WARN_INT_CONVERSION = YES;
				CLANG_WARN_OBJC_ROOT_CLASS = YES_ERROR;
				CLANG_WARN_UNREACHABLE_CODE = YES;
				CLANG_WARN__DUPLICATE_METHOD_MATCH = YES;
				"CODE_SIGN_IDENTITY[sdk=iphoneos*]" = "iPhone Developer";
				COPY_PHASE_STRIP = NO;
				DEBUG_INFORMATION_FORMAT = "dwarf-with-dsym";
				ENABLE_NS_ASSERTIONS = NO;
				ENABLE_STRICT_OBJC_MSGSEND = YES;
				GCC_C_LANGUAGE_STANDARD = gnu99;
				GCC_NO_COMMON_BLOCKS = YES;
				GCC_WARN_64_TO_32_BIT_CONVERSION = YES;
				GCC_WARN_ABOUT_RETURN_TYPE = YES_ERROR;
				GCC_WARN_UNDECLARED_SELECTOR = YES;
				GCC_WARN_UNINITIALIZED_AUTOS = YES_AGGRESSIVE;
				GCC_WARN_UNUSED_FUNCTION = YES;
				GCC_WARN_UNUSED_VARIABLE = YES;
				IPHONEOS_DEPLOYMENT_TARGET = 9.3;
				MTL_ENABLE_DEBUG_INFO = NO;
				SDKROOT = iphoneos;
				TARGETED_DEVICE_FAMILY = "1,2";
				VALIDATE_PRODUCT = YES;
			};
			name = Release;
		};
		1FFA56271CFFF51700F52140 /* Debug */ = {
			isa = XCBuildConfiguration;
			buildSettings = {
				ASSETCATALOG_COMPILER_APPICON_NAME = AppIcon;
				INFOPLIST_FILE = "Hybrid-v2/Info.plist";
				LD_RUNPATH_SEARCH_PATHS = "$(inherited) @executable_path/Frameworks";
				PRODUCT_BUNDLE_IDENTIFIER = "info.cmptech.Hybrid-v2";
				PRODUCT_NAME = "$(TARGET_NAME)";
			};
			name = Debug;
		};
		1FFA56281CFFF51700F52140 /* Release */ = {
			isa = XCBuildConfiguration;
			buildSettings = {
				ASSETCATALOG_COMPILER_APPICON_NAME = AppIcon;
				INFOPLIST_FILE = "Hybrid-v2/Info.plist";
				LD_RUNPATH_SEARCH_PATHS = "$(inherited) @executable_path/Frameworks";
				PRODUCT_BUNDLE_IDENTIFIER = "info.cmptech.Hybrid-v2";
				PRODUCT_NAME = "$(TARGET_NAME)";
			};
			name = Release;
		};
		1FFA562A1CFFF51700F52140 /* Debug */ = {
			isa = XCBuildConfiguration;
			buildSettings = {
				BUNDLE_LOADER = "$(TEST_HOST)";
				INFOPLIST_FILE = "Hybrid-v2Tests/Info.plist";
				LD_RUNPATH_SEARCH_PATHS = "$(inherited) @executable_path/Frameworks @loader_path/Frameworks";
				PRODUCT_BUNDLE_IDENTIFIER = "info.cmptech.Hybrid-v2Tests";
				PRODUCT_NAME = "$(TARGET_NAME)";
				TEST_HOST = "$(BUILT_PRODUCTS_DIR)/Hybrid-v2.app/Hybrid-v2";
			};
			name = Debug;
		};
		1FFA562B1CFFF51700F52140 /* Release */ = {
			isa = XCBuildConfiguration;
			buildSettings = {
				BUNDLE_LOADER = "$(TEST_HOST)";
				INFOPLIST_FILE = "Hybrid-v2Tests/Info.plist";
				LD_RUNPATH_SEARCH_PATHS = "$(inherited) @executable_path/Frameworks @loader_path/Frameworks";
				PRODUCT_BUNDLE_IDENTIFIER = "info.cmptech.Hybrid-v2Tests";
				PRODUCT_NAME = "$(TARGET_NAME)";
				TEST_HOST = "$(BUILT_PRODUCTS_DIR)/Hybrid-v2.app/Hybrid-v2";
			};
			name = Release;
		};
		1FFA562D1CFFF51700F52140 /* Debug */ = {
			isa = XCBuildConfiguration;
			buildSettings = {
				INFOPLIST_FILE = "Hybrid-v2UITests/Info.plist";
				LD_RUNPATH_SEARCH_PATHS = "$(inherited) @executable_path/Frameworks @loader_path/Frameworks";
				PRODUCT_BUNDLE_IDENTIFIER = "info.cmptech.Hybrid-v2UITests";
				PRODUCT_NAME = "$(TARGET_NAME)";
				TEST_TARGET_NAME = "Hybrid-v2";
			};
			name = Debug;
		};
		1FFA562E1CFFF51700F52140 /* Release */ = {
			isa = XCBuildConfiguration;
			buildSettings = {
				INFOPLIST_FILE = "Hybrid-v2UITests/Info.plist";
				LD_RUNPATH_SEARCH_PATHS = "$(inherited) @executable_path/Frameworks @loader_path/Frameworks";
				PRODUCT_BUNDLE_IDENTIFIER = "info.cmptech.Hybrid-v2UITests";
				PRODUCT_NAME = "$(TARGET_NAME)";
				TEST_TARGET_NAME = "Hybrid-v2";
			};
			name = Release;
		};
/* End XCBuildConfiguration section */

/* Begin XCConfigurationList section */
		1FFA55F41CFFF51600F52140 /* Build configuration list for PBXProject "Hybrid-v2" */ = {
			isa = XCConfigurationList;
			buildConfigurations = (
				1FFA56241CFFF51700F52140 /* Debug */,
				1FFA56251CFFF51700F52140 /* Release */,
			);
			defaultConfigurationIsVisible = 0;
			defaultConfigurationName = Release;
		};
		1FFA56261CFFF51700F52140 /* Build configuration list for PBXNativeTarget "Hybrid-v2" */ = {
			isa = XCConfigurationList;
			buildConfigurations = (
				1FFA56271CFFF51700F52140 /* Debug */,
				1FFA56281CFFF51700F52140 /* Release */,
			);
			defaultConfigurationIsVisible = 0;
			defaultConfigurationName = Release;
		};
		1FFA56291CFFF51700F52140 /* Build configuration list for PBXNativeTarget "Hybrid-v2Tests" */ = {
			isa = XCConfigurationList;
			buildConfigurations = (
				1FFA562A1CFFF51700F52140 /* Debug */,
				1FFA562B1CFFF51700F52140 /* Release */,
			);
			defaultConfigurationIsVisible = 0;
			defaultConfigurationName = Release;
		};
		1FFA562C1CFFF51700F52140 /* Build configuration list for PBXNativeTarget "Hybrid-v2UITests" */ = {
			isa = XCConfigurationList;
			buildConfigurations = (
				1FFA562D1CFFF51700F52140 /* Debug */,
				1FFA562E1CFFF51700F52140 /* Release */,
			);
			defaultConfigurationIsVisible = 0;
			defaultConfigurationName = Release;
		};
/* End XCConfigurationList section */
	};
	rootObject = 1FFA55F11CFFF51600F52140 /* Project object */;
}
